// !$*UTF8*$!
{
	archiveVersion = 1;
	classes = {
	};
	objectVersion = 77;
	objects = {

/* Begin PBXBuildFile section */
		570CCC552DF53FD00085264D /* NaverThirdPartyLogin in Frameworks */ = {isa = PBXBuildFile; productRef = 570CCC542DF53FD00085264D /* NaverThirdPartyLogin */; };
/* End PBXBuildFile section */

/* Begin PBXContainerItemProxy section */
		1FB8A44A2DF5233B00E52BBA /* PBXContainerItemProxy */ = {
			isa = PBXContainerItemProxy;
			containerPortal = 1FB8A42B2DF5233900E52BBA /* Project object */;
			proxyType = 1;
			remoteGlobalIDString = 1FB8A4322DF5233900E52BBA;
			remoteInfo = Naver_Login_OAuth;
		};
		1FB8A4542DF5233B00E52BBA /* PBXContainerItemProxy */ = {
			isa = PBXContainerItemProxy;
			containerPortal = 1FB8A42B2DF5233900E52BBA /* Project object */;
			proxyType = 1;
			remoteGlobalIDString = 1FB8A4322DF5233900E52BBA;
			remoteInfo = Naver_Login_OAuth;
		};
/* End PBXContainerItemProxy section */

/* Begin PBXFileReference section */
		1FB8A4332DF5233900E52BBA /* Naver_Login_OAuth.app */ = {isa = PBXFileReference; explicitFileType = wrapper.application; includeInIndex = 0; path = Naver_Login_OAuth.app; sourceTree = BUILT_PRODUCTS_DIR; };
		1FB8A4492DF5233B00E52BBA /* Naver_Login_OAuthTests.xctest */ = {isa = PBXFileReference; explicitFileType = wrapper.cfbundle; includeInIndex = 0; path = Naver_Login_OAuthTests.xctest; sourceTree = BUILT_PRODUCTS_DIR; };
		1FB8A4532DF5233B00E52BBA /* Naver_Login_OAuthUITests.xctest */ = {isa = PBXFileReference; explicitFileType = wrapper.cfbundle; includeInIndex = 0; path = Naver_Login_OAuthUITests.xctest; sourceTree = BUILT_PRODUCTS_DIR; };
/* End PBXFileReference section */

/* Begin PBXFileSystemSynchronizedBuildFileExceptionSet section */
		1FB8A45B2DF5233B00E52BBA /* Exceptions for "Naver_Login_OAuth" folder in "Naver_Login_OAuth" target */ = {
			isa = PBXFileSystemSynchronizedBuildFileExceptionSet;
			membershipExceptions = (
				Info.plist,
			);
			target = 1FB8A4322DF5233900E52BBA /* Naver_Login_OAuth */;
		};
/* End PBXFileSystemSynchronizedBuildFileExceptionSet section */

/* Begin PBXFileSystemSynchronizedRootGroup section */
		1FB8A4352DF5233900E52BBA /* Naver_Login_OAuth */ = {
			isa = PBXFileSystemSynchronizedRootGroup;
			exceptions = (
				1FB8A45B2DF5233B00E52BBA /* Exceptions for "Naver_Login_OAuth" folder in "Naver_Login_OAuth" target */,
			);
			path = Naver_Login_OAuth;
			sourceTree = "<group>";
		};
		1FB8A44C2DF5233B00E52BBA /* Naver_Login_OAuthTests */ = {
			isa = PBXFileSystemSynchronizedRootGroup;
			path = Naver_Login_OAuthTests;
			sourceTree = "<group>";
		};
		1FB8A4562DF5233B00E52BBA /* Naver_Login_OAuthUITests */ = {
			isa = PBXFileSystemSynchronizedRootGroup;
			path = Naver_Login_OAuthUITests;
			sourceTree = "<group>";
		};
/* End PBXFileSystemSynchronizedRootGroup section */

/* Begin PBXFrameworksBuildPhase section */
		1FB8A4302DF5233900E52BBA /* Frameworks */ = {
			isa = PBXFrameworksBuildPhase;
			buildActionMask = 2147483647;
			files = (
				570CCC552DF53FD00085264D /* NaverThirdPartyLogin in Frameworks */,
			);
			runOnlyForDeploymentPostprocessing = 0;
		};
		1FB8A4462DF5233B00E52BBA /* Frameworks */ = {
			isa = PBXFrameworksBuildPhase;
			buildActionMask = 2147483647;
			files = (
			);
			runOnlyForDeploymentPostprocessing = 0;
		};
		1FB8A4502DF5233B00E52BBA /* Frameworks */ = {
			isa = PBXFrameworksBuildPhase;
			buildActionMask = 2147483647;
			files = (
			);
			runOnlyForDeploymentPostprocessing = 0;
		};
/* End PBXFrameworksBuildPhase section */

/* Begin PBXGroup section */
		1FB8A42A2DF5233900E52BBA = {
			isa = PBXGroup;
			children = (
				1FB8A4352DF5233900E52BBA /* Naver_Login_OAuth */,
				1FB8A44C2DF5233B00E52BBA /* Naver_Login_OAuthTests */,
				1FB8A4562DF5233B00E52BBA /* Naver_Login_OAuthUITests */,
				1FB8A4342DF5233900E52BBA /* Products */,
			);
			sourceTree = "<group>";
		};
		1FB8A4342DF5233900E52BBA /* Products */ = {
			isa = PBXGroup;
			children = (
				1FB8A4332DF5233900E52BBA /* Naver_Login_OAuth.app */,
				1FB8A4492DF5233B00E52BBA /* Naver_Login_OAuthTests.xctest */,
				1FB8A4532DF5233B00E52BBA /* Naver_Login_OAuthUITests.xctest */,
			);
			name = Products;
			sourceTree = "<group>";
		};
/* End PBXGroup section */

/* Begin PBXNativeTarget section */
		1FB8A4322DF5233900E52BBA /* Naver_Login_OAuth */ = {
			isa = PBXNativeTarget;
			buildConfigurationList = 1FB8A45C2DF5233B00E52BBA /* Build configuration list for PBXNativeTarget "Naver_Login_OAuth" */;
			buildPhases = (
				1FB8A42F2DF5233900E52BBA /* Sources */,
				1FB8A4302DF5233900E52BBA /* Frameworks */,
				1FB8A4312DF5233900E52BBA /* Resources */,
			);
			buildRules = (
			);
			dependencies = (
			);
			fileSystemSynchronizedGroups = (
				1FB8A4352DF5233900E52BBA /* Naver_Login_OAuth */,
			);
			name = Naver_Login_OAuth;
			packageProductDependencies = (
				570CCC542DF53FD00085264D /* NaverThirdPartyLogin */,
			);
			productName = Naver_Login_OAuth;
			productReference = 1FB8A4332DF5233900E52BBA /* Naver_Login_OAuth.app */;
			productType = "com.apple.product-type.application";
		};
		1FB8A4482DF5233B00E52BBA /* Naver_Login_OAuthTests */ = {
			isa = PBXNativeTarget;
			buildConfigurationList = 1FB8A4612DF5233B00E52BBA /* Build configuration list for PBXNativeTarget "Naver_Login_OAuthTests" */;
			buildPhases = (
				1FB8A4452DF5233B00E52BBA /* Sources */,
				1FB8A4462DF5233B00E52BBA /* Frameworks */,
				1FB8A4472DF5233B00E52BBA /* Resources */,
			);
			buildRules = (
			);
			dependencies = (
				1FB8A44B2DF5233B00E52BBA /* PBXTargetDependency */,
			);
			fileSystemSynchronizedGroups = (
				1FB8A44C2DF5233B00E52BBA /* Naver_Login_OAuthTests */,
			);
			name = Naver_Login_OAuthTests;
			packageProductDependencies = (
			);
			productName = Naver_Login_OAuthTests;
			productReference = 1FB8A4492DF5233B00E52BBA /* Naver_Login_OAuthTests.xctest */;
			productType = "com.apple.product-type.bundle.unit-test";
		};
		1FB8A4522DF5233B00E52BBA /* Naver_Login_OAuthUITests */ = {
			isa = PBXNativeTarget;
			buildConfigurationList = 1FB8A4642DF5233B00E52BBA /* Build configuration list for PBXNativeTarget "Naver_Login_OAuthUITests" */;
			buildPhases = (
				1FB8A44F2DF5233B00E52BBA /* Sources */,
				1FB8A4502DF5233B00E52BBA /* Frameworks */,
				1FB8A4512DF5233B00E52BBA /* Resources */,
			);
			buildRules = (
			);
			dependencies = (
				1FB8A4552DF5233B00E52BBA /* PBXTargetDependency */,
			);
			fileSystemSynchronizedGroups = (
				1FB8A4562DF5233B00E52BBA /* Naver_Login_OAuthUITests */,
			);
			name = Naver_Login_OAuthUITests;
			packageProductDependencies = (
			);
			productName = Naver_Login_OAuthUITests;
			productReference = 1FB8A4532DF5233B00E52BBA /* Naver_Login_OAuthUITests.xctest */;
			productType = "com.apple.product-type.bundle.ui-testing";
		};
/* End PBXNativeTarget section */

/* Begin PBXProject section */
		1FB8A42B2DF5233900E52BBA /* Project object */ = {
			isa = PBXProject;
			attributes = {
				BuildIndependentTargetsInParallel = 1;
				LastSwiftUpdateCheck = 1640;
				LastUpgradeCheck = 1640;
				TargetAttributes = {
					1FB8A4322DF5233900E52BBA = {
						CreatedOnToolsVersion = 16.4;
					};
					1FB8A4482DF5233B00E52BBA = {
						CreatedOnToolsVersion = 16.4;
						TestTargetID = 1FB8A4322DF5233900E52BBA;
					};
					1FB8A4522DF5233B00E52BBA = {
						CreatedOnToolsVersion = 16.4;
						TestTargetID = 1FB8A4322DF5233900E52BBA;
					};
				};
			};
			buildConfigurationList = 1FB8A42E2DF5233900E52BBA /* Build configuration list for PBXProject "Naver_Login_OAuth" */;
			developmentRegion = en;
			hasScannedForEncodings = 0;
			knownRegions = (
				en,
				Base,
			);
			mainGroup = 1FB8A42A2DF5233900E52BBA;
			minimizedProjectReferenceProxies = 1;
			packageReferences = (
				570CCC532DF53FD00085264D /* XCRemoteSwiftPackageReference "naveridlogin-sdk-ios" */,
			);
			preferredProjectObjectVersion = 77;
			productRefGroup = 1FB8A4342DF5233900E52BBA /* Products */;
			projectDirPath = "";
			projectRoot = "";
			targets = (
				1FB8A4322DF5233900E52BBA /* Naver_Login_OAuth */,
				1FB8A4482DF5233B00E52BBA /* Naver_Login_OAuthTests */,
				1FB8A4522DF5233B00E52BBA /* Naver_Login_OAuthUITests */,
			);
		};
/* End PBXProject section */

/* Begin PBXResourcesBuildPhase section */
		1FB8A4312DF5233900E52BBA /* Resources */ = {
			isa = PBXResourcesBuildPhase;
			buildActionMask = 2147483647;
			files = (
			);
			runOnlyForDeploymentPostprocessing = 0;
		};
		1FB8A4472DF5233B00E52BBA /* Resources */ = {
			isa = PBXResourcesBuildPhase;
			buildActionMask = 2147483647;
			files = (
			);
			runOnlyForDeploymentPostprocessing = 0;
		};
		1FB8A4512DF5233B00E52BBA /* Resources */ = {
			isa = PBXResourcesBuildPhase;
			buildActionMask = 2147483647;
			files = (
			);
			runOnlyForDeploymentPostprocessing = 0;
		};
/* End PBXResourcesBuildPhase section */

/* Begin PBXSourcesBuildPhase section */
		1FB8A42F2DF5233900E52BBA /* Sources */ = {
			isa = PBXSourcesBuildPhase;
			buildActionMask = 2147483647;
			files = (
			);
			runOnlyForDeploymentPostprocessing = 0;
		};
		1FB8A4452DF5233B00E52BBA /* Sources */ = {
			isa = PBXSourcesBuildPhase;
			buildActionMask = 2147483647;
			files = (
			);
			runOnlyForDeploymentPostprocessing = 0;
		};
		1FB8A44F2DF5233B00E52BBA /* Sources */ = {
			isa = PBXSourcesBuildPhase;
			buildActionMask = 2147483647;
			files = (
			);
			runOnlyForDeploymentPostprocessing = 0;
		};
/* End PBXSourcesBuildPhase section */

/* Begin PBXTargetDependency section */
		1FB8A44B2DF5233B00E52BBA /* PBXTargetDependency */ = {
			isa = PBXTargetDependency;
			target = 1FB8A4322DF5233900E52BBA /* Naver_Login_OAuth */;
			targetProxy = 1FB8A44A2DF5233B00E52BBA /* PBXContainerItemProxy */;
		};
		1FB8A4552DF5233B00E52BBA /* PBXTargetDependency */ = {
			isa = PBXTargetDependency;
			target = 1FB8A4322DF5233900E52BBA /* Naver_Login_OAuth */;
			targetProxy = 1FB8A4542DF5233B00E52BBA /* PBXContainerItemProxy */;
		};
/* End PBXTargetDependency section */

/* Begin XCBuildConfiguration section */
		1FB8A45D2DF5233B00E52BBA /* Debug */ = {
			isa = XCBuildConfiguration;
			buildSettings = {
				ASSETCATALOG_COMPILER_APPICON_NAME = AppIcon;
				ASSETCATALOG_COMPILER_GLOBAL_ACCENT_COLOR_NAME = AccentColor;
				CODE_SIGN_STYLE = Automatic;
				CURRENT_PROJECT_VERSION = 1;
				GENERATE_INFOPLIST_FILE = YES;
				INFOPLIST_FILE = Naver_Login_OAuth/Info.plist;
				INFOPLIST_KEY_UIApplicationSupportsIndirectInputEvents = YES;
				INFOPLIST_KEY_UILaunchStoryboardName = LaunchScreen;
				INFOPLIST_KEY_UIMainStoryboardFile = Main;
				INFOPLIST_KEY_UISupportedInterfaceOrientations_iPad = "UIInterfaceOrientationPortrait UIInterfaceOrientationPortraitUpsideDown UIInterfaceOrientationLandscapeLeft UIInterfaceOrientationLandscapeRight";
				INFOPLIST_KEY_UISupportedInterfaceOrientations_iPhone = "UIInterfaceOrientationPortrait UIInterfaceOrientationLandscapeLeft UIInterfaceOrientationLandscapeRight";
				LD_RUNPATH_SEARCH_PATHS = (
					"$(inherited)",
					"@executable_path/Frameworks",
				);
				MARKETING_VERSION = 1.0;
				PRODUCT_BUNDLE_IDENTIFIER = "com.mycompany.Naver-Login-OAuth";
				PRODUCT_NAME = "$(TARGET_NAME)";
				SWIFT_EMIT_LOC_STRINGS = YES;
				SWIFT_VERSION = 5.0;
				TARGETED_DEVICE_FAMILY = "1,2";
			};
			name = Debug;
		};
		1FB8A45E2DF5233B00E52BBA /* Release */ = {
			isa = XCBuildConfiguration;
			buildSettings = {
				ASSETCATALOG_COMPILER_APPICON_NAME = AppIcon;
				ASSETCATALOG_COMPILER_GLOBAL_ACCENT_COLOR_NAME = AccentColor;
				CODE_SIGN_STYLE = Automatic;
				CURRENT_PROJECT_VERSION = 1;
				GENERATE_INFOPLIST_FILE = YES;
				INFOPLIST_FILE = Naver_Login_OAuth/Info.plist;
				INFOPLIST_KEY_UIApplicationSupportsIndirectInputEvents = YES;
				INFOPLIST_KEY_UILaunchStoryboardName = LaunchScreen;
				INFOPLIST_KEY_UIMainStoryboardFile = Main;
				INFOPLIST_KEY_UISupportedInterfaceOrientations_iPad = "UIInterfaceOrientationPortrait UIInterfaceOrientationPortraitUpsideDown UIInterfaceOrientationLandscapeLeft UIInterfaceOrientationLandscapeRight";
				INFOPLIST_KEY_UISupportedInterfaceOrientations_iPhone = "UIInterfaceOrientationPortrait UIInterfaceOrientationLandscapeLeft UIInterfaceOrientationLandscapeRight";
				LD_RUNPATH_SEARCH_PATHS = (
					"$(inherited)",
					"@executable_path/Frameworks",
				);
				MARKETING_VERSION = 1.0;
				PRODUCT_BUNDLE_IDENTIFIER = "com.mycompany.Naver-Login-OAuth";
				PRODUCT_NAME = "$(TARGET_NAME)";
				SWIFT_EMIT_LOC_STRINGS = YES;
				SWIFT_VERSION = 5.0;
				TARGETED_DEVICE_FAMILY = "1,2";
			};
			name = Release;
		};
		1FB8A45F2DF5233B00E52BBA /* Debug */ = {
			isa = XCBuildConfiguration;
			buildSettings = {
				ALWAYS_SEARCH_USER_PATHS = NO;
				ASSETCATALOG_COMPILER_GENERATE_SWIFT_ASSET_SYMBOL_EXTENSIONS = YES;
				CLANG_ANALYZER_NONNULL = YES;
				CLANG_ANALYZER_NUMBER_OBJECT_CONVERSION = YES_AGGRESSIVE;
				CLANG_CXX_LANGUAGE_STANDARD = "gnu++20";
				CLANG_ENABLE_MODULES = YES;
				CLANG_ENABLE_OBJC_ARC = YES;
				CLANG_ENABLE_OBJC_WEAK = YES;
				CLANG_WARN_BLOCK_CAPTURE_AUTORELEASING = YES;
				CLANG_WARN_BOOL_CONVERSION = YES;
				CLANG_WARN_COMMA = YES;
				CLANG_WARN_CONSTANT_CONVERSION = YES;
				CLANG_WARN_DEPRECATED_OBJC_IMPLEMENTATIONS = YES;
				CLANG_WARN_DIRECT_OBJC_ISA_USAGE = YES_ERROR;
				CLANG_WARN_DOCUMENTATION_COMMENTS = YES;
				CLANG_WARN_EMPTY_BODY = YES;
				CLANG_WARN_ENUM_CONVERSION = YES;
				CLANG_WARN_INFINITE_RECURSION = YES;
				CLANG_WARN_INT_CONVERSION = YES;
				CLANG_WARN_NON_LITERAL_NULL_CONVERSION = YES;
				CLANG_WARN_OBJC_IMPLICIT_RETAIN_SELF = YES;
				CLANG_WARN_OBJC_LITERAL_CONVERSION = YES;
				CLANG_WARN_OBJC_ROOT_CLASS = YES_ERROR;
				CLANG_WARN_QUOTED_INCLUDE_IN_FRAMEWORK_HEADER = YES;
				CLANG_WARN_RANGE_LOOP_ANALYSIS = YES;
				CLANG_WARN_STRICT_PROTOTYPES = YES;
				CLANG_WARN_SUSPICIOUS_MOVE = YES;
				CLANG_WARN_UNGUARDED_AVAILABILITY = YES_AGGRESSIVE;
				CLANG_WARN_UNREACHABLE_CODE = YES;
				CLANG_WARN__DUPLICATE_METHOD_MATCH = YES;
				COPY_PHASE_STRIP = NO;
				DEBUG_INFORMATION_FORMAT = dwarf;
				ENABLE_STRICT_OBJC_MSGSEND = YES;
				ENABLE_TESTABILITY = YES;
				ENABLE_USER_SCRIPT_SANDBOXING = YES;
				GCC_C_LANGUAGE_STANDARD = gnu17;
				GCC_DYNAMIC_NO_PIC = NO;
				GCC_NO_COMMON_BLOCKS = YES;
				GCC_OPTIMIZATION_LEVEL = 0;
				GCC_PREPROCESSOR_DEFINITIONS = (
					"DEBUG=1",
					"$(inherited)",
				);
				GCC_WARN_64_TO_32_BIT_CONVERSION = YES;
				GCC_WARN_ABOUT_RETURN_TYPE = YES_ERROR;
				GCC_WARN_UNDECLARED_SELECTOR = YES;
				GCC_WARN_UNINITIALIZED_AUTOS = YES_AGGRESSIVE;
				GCC_WARN_UNUSED_FUNCTION = YES;
				GCC_WARN_UNUSED_VARIABLE = YES;
				IPHONEOS_DEPLOYMENT_TARGET = 18.5;
				LOCALIZATION_PREFERS_STRING_CATALOGS = YES;
				MTL_ENABLE_DEBUG_INFO = INCLUDE_SOURCE;
				MTL_FAST_MATH = YES;
				ONLY_ACTIVE_ARCH = YES;
				SDKROOT = iphoneos;
				SWIFT_ACTIVE_COMPILATION_CONDITIONS = "DEBUG $(inherited)";
				SWIFT_OPTIMIZATION_LEVEL = "-Onone";
			};
			name = Debug;
		};
		1FB8A4602DF5233B00E52BBA /* Release */ = {
			isa = XCBuildConfiguration;
			buildSettings = {
				ALWAYS_SEARCH_USER_PATHS = NO;
				ASSETCATALOG_COMPILER_GENERATE_SWIFT_ASSET_SYMBOL_EXTENSIONS = YES;
				CLANG_ANALYZER_NONNULL = YES;
				CLANG_ANALYZER_NUMBER_OBJECT_CONVERSION = YES_AGGRESSIVE;
				CLANG_CXX_LANGUAGE_STANDARD = "gnu++20";
				CLANG_ENABLE_MODULES = YES;
				CLANG_ENABLE_OBJC_ARC = YES;
				CLANG_ENABLE_OBJC_WEAK = YES;
				CLANG_WARN_BLOCK_CAPTURE_AUTORELEASING = YES;
				CLANG_WARN_BOOL_CONVERSION = YES;
				CLANG_WARN_COMMA = YES;
				CLANG_WARN_CONSTANT_CONVERSION = YES;
				CLANG_WARN_DEPRECATED_OBJC_IMPLEMENTATIONS = YES;
				CLANG_WARN_DIRECT_OBJC_ISA_USAGE = YES_ERROR;
				CLANG_WARN_DOCUMENTATION_COMMENTS = YES;
				CLANG_WARN_EMPTY_BODY = YES;
				CLANG_WARN_ENUM_CONVERSION = YES;
				CLANG_WARN_INFINITE_RECURSION = YES;
				CLANG_WARN_INT_CONVERSION = YES;
				CLANG_WARN_NON_LITERAL_NULL_CONVERSION = YES;
				CLANG_WARN_OBJC_IMPLICIT_RETAIN_SELF = YES;
				CLANG_WARN_OBJC_LITERAL_CONVERSION = YES;
				CLANG_WARN_OBJC_ROOT_CLASS = YES_ERROR;
				CLANG_WARN_QUOTED_INCLUDE_IN_FRAMEWORK_HEADER = YES;
				CLANG_WARN_RANGE_LOOP_ANALYSIS = YES;
				CLANG_WARN_STRICT_PROTOTYPES = YES;
				CLANG_WARN_SUSPICIOUS_MOVE = YES;
				CLANG_WARN_UNGUARDED_AVAILABILITY = YES_AGGRESSIVE;
				CLANG_WARN_UNREACHABLE_CODE = YES;
				CLANG_WARN__DUPLICATE_METHOD_MATCH = YES;
				COPY_PHASE_STRIP = NO;
				DEBUG_INFORMATION_FORMAT = "dwarf-with-dsym";
				ENABLE_NS_ASSERTIONS = NO;
				ENABLE_STRICT_OBJC_MSGSEND = YES;
				ENABLE_USER_SCRIPT_SANDBOXING = YES;
				GCC_C_LANGUAGE_STANDARD = gnu17;
				GCC_NO_COMMON_BLOCKS = YES;
				GCC_WARN_64_TO_32_BIT_CONVERSION = YES;
				GCC_WARN_ABOUT_RETURN_TYPE = YES_ERROR;
				GCC_WARN_UNDECLARED_SELECTOR = YES;
				GCC_WARN_UNINITIALIZED_AUTOS = YES_AGGRESSIVE;
				GCC_WARN_UNUSED_FUNCTION = YES;
				GCC_WARN_UNUSED_VARIABLE = YES;
				IPHONEOS_DEPLOYMENT_TARGET = 18.5;
				LOCALIZATION_PREFERS_STRING_CATALOGS = YES;
				MTL_ENABLE_DEBUG_INFO = NO;
				MTL_FAST_MATH = YES;
				SDKROOT = iphoneos;
				SWIFT_COMPILATION_MODE = wholemodule;
				VALIDATE_PRODUCT = YES;
			};
			name = Release;
		};
		1FB8A4622DF5233B00E52BBA /* Debug */ = {
			isa = XCBuildConfiguration;
			buildSettings = {
				BUNDLE_LOADER = "$(TEST_HOST)";
				CODE_SIGN_STYLE = Automatic;
				CURRENT_PROJECT_VERSION = 1;
				GENERATE_INFOPLIST_FILE = YES;
				IPHONEOS_DEPLOYMENT_TARGET = 18.5;
				MARKETING_VERSION = 1.0;
				PRODUCT_BUNDLE_IDENTIFIER = "com.mycompany.Naver-Login-OAuthTests";
				PRODUCT_NAME = "$(TARGET_NAME)";
				SWIFT_EMIT_LOC_STRINGS = NO;
				SWIFT_VERSION = 5.0;
				TARGETED_DEVICE_FAMILY = "1,2";
				TEST_HOST = "$(BUILT_PRODUCTS_DIR)/Naver_Login_OAuth.app/$(BUNDLE_EXECUTABLE_FOLDER_PATH)/Naver_Login_OAuth";
			};
			name = Debug;
		};
		1FB8A4632DF5233B00E52BBA /* Release */ = {
			isa = XCBuildConfiguration;
			buildSettings = {
				BUNDLE_LOADER = "$(TEST_HOST)";
				CODE_SIGN_STYLE = Automatic;
				CURRENT_PROJECT_VERSION = 1;
				GENERATE_INFOPLIST_FILE = YES;
				IPHONEOS_DEPLOYMENT_TARGET = 18.5;
				MARKETING_VERSION = 1.0;
				PRODUCT_BUNDLE_IDENTIFIER = "com.mycompany.Naver-Login-OAuthTests";
				PRODUCT_NAME = "$(TARGET_NAME)";
				SWIFT_EMIT_LOC_STRINGS = NO;
				SWIFT_VERSION = 5.0;
				TARGETED_DEVICE_FAMILY = "1,2";
				TEST_HOST = "$(BUILT_PRODUCTS_DIR)/Naver_Login_OAuth.app/$(BUNDLE_EXECUTABLE_FOLDER_PATH)/Naver_Login_OAuth";
			};
			name = Release;
		};
		1FB8A4652DF5233B00E52BBA /* Debug */ = {
			isa = XCBuildConfiguration;
			buildSettings = {
				CODE_SIGN_STYLE = Automatic;
				CURRENT_PROJECT_VERSION = 1;
				GENERATE_INFOPLIST_FILE = YES;
				MARKETING_VERSION = 1.0;
				PRODUCT_BUNDLE_IDENTIFIER = "com.mycompany.Naver-Login-OAuthUITests";
				PRODUCT_NAME = "$(TARGET_NAME)";
				SWIFT_EMIT_LOC_STRINGS = NO;
				SWIFT_VERSION = 5.0;
				TARGETED_DEVICE_FAMILY = "1,2";
				TEST_TARGET_NAME = Naver_Login_OAuth;
			};
			name = Debug;
		};
		1FB8A4662DF5233B00E52BBA /* Release */ = {
			isa = XCBuildConfiguration;
			buildSettings = {
				CODE_SIGN_STYLE = Automatic;
				CURRENT_PROJECT_VERSION = 1;
				GENERATE_INFOPLIST_FILE = YES;
				MARKETING_VERSION = 1.0;
				PRODUCT_BUNDLE_IDENTIFIER = "com.mycompany.Naver-Login-OAuthUITests";
				PRODUCT_NAME = "$(TARGET_NAME)";
				SWIFT_EMIT_LOC_STRINGS = NO;
				SWIFT_VERSION = 5.0;
				TARGETED_DEVICE_FAMILY = "1,2";
				TEST_TARGET_NAME = Naver_Login_OAuth;
			};
			name = Release;
		};
/* End XCBuildConfiguration section */

/* Begin XCConfigurationList section */
		1FB8A42E2DF5233900E52BBA /* Build configuration list for PBXProject "Naver_Login_OAuth" */ = {
			isa = XCConfigurationList;
			buildConfigurations = (
				1FB8A45F2DF5233B00E52BBA /* Debug */,
				1FB8A4602DF5233B00E52BBA /* Release */,
			);
			defaultConfigurationIsVisible = 0;
			defaultConfigurationName = Release;
		};
		1FB8A45C2DF5233B00E52BBA /* Build configuration list for PBXNativeTarget "Naver_Login_OAuth" */ = {
			isa = XCConfigurationList;
			buildConfigurations = (
				1FB8A45D2DF5233B00E52BBA /* Debug */,
				1FB8A45E2DF5233B00E52BBA /* Release */,
			);
			defaultConfigurationIsVisible = 0;
			defaultConfigurationName = Release;
		};
		1FB8A4612DF5233B00E52BBA /* Build configuration list for PBXNativeTarget "Naver_Login_OAuthTests" */ = {
			isa = XCConfigurationList;
			buildConfigurations = (
				1FB8A4622DF5233B00E52BBA /* Debug */,
				1FB8A4632DF5233B00E52BBA /* Release */,
			);
			defaultConfigurationIsVisible = 0;
			defaultConfigurationName = Release;
		};
		1FB8A4642DF5233B00E52BBA /* Build configuration list for PBXNativeTarget "Naver_Login_OAuthUITests" */ = {
			isa = XCConfigurationList;
			buildConfigurations = (
				1FB8A4652DF5233B00E52BBA /* Debug */,
				1FB8A4662DF5233B00E52BBA /* Release */,
			);
			defaultConfigurationIsVisible = 0;
			defaultConfigurationName = Release;
		};
/* End XCConfigurationList section */

/* Begin XCRemoteSwiftPackageReference section */
		570CCC532DF53FD00085264D /* XCRemoteSwiftPackageReference "naveridlogin-sdk-ios" */ = {
			isa = XCRemoteSwiftPackageReference;
			repositoryURL = "https://github.com/naver/naveridlogin-sdk-ios";
			requirement = {
				branch = master;
				kind = branch;
			};
		};
/* End XCRemoteSwiftPackageReference section */

/* Begin XCSwiftPackageProductDependency section */
		570CCC542DF53FD00085264D /* NaverThirdPartyLogin */ = {
			isa = XCSwiftPackageProductDependency;
			package = 570CCC532DF53FD00085264D /* XCRemoteSwiftPackageReference "naveridlogin-sdk-ios" */;
			productName = NaverThirdPartyLogin;
		};
/* End XCSwiftPackageProductDependency section */
	};
	rootObject = 1FB8A42B2DF5233900E52BBA /* Project object */;
}
