// !$*UTF8*$!
{
	archiveVersion = 1;
	classes = {
	};
	objectVersion = 77;
	objects = {

/* Begin PBXContainerItemProxy section */
		1F417B722DD2333500EEF780 /* PBXContainerItemProxy */ = {
			isa = PBXContainerItemProxy;
			containerPortal = 1F417B532DD2333300EEF780 /* Project object */;
			proxyType = 1;
			remoteGlobalIDString = 1F417B5A2DD2333300EEF780;
			remoteInfo = DatePicker_Alarm;
		};
		1F417B7C2DD2333500EEF780 /* PBXContainerItemProxy */ = {
			isa = PBXContainerItemProxy;
			containerPortal = 1F417B532DD2333300EEF780 /* Project object */;
			proxyType = 1;
			remoteGlobalIDString = 1F417B5A2DD2333300EEF780;
			remoteInfo = DatePicker_Alarm;
		};
/* End PBXContainerItemProxy section */

/* Begin PBXFileReference section */
		1F417B5B2DD2333300EEF780 /* DatePicker_Alarm.app */ = {isa = PBXFileReference; explicitFileType = wrapper.application; includeInIndex = 0; path = DatePicker_Alarm.app; sourceTree = BUILT_PRODUCTS_DIR; };
		1F417B712DD2333500EEF780 /* DatePicker_AlarmTests.xctest */ = {isa = PBXFileReference; explicitFileType = wrapper.cfbundle; includeInIndex = 0; path = DatePicker_AlarmTests.xctest; sourceTree = BUILT_PRODUCTS_DIR; };
		1F417B7B2DD2333500EEF780 /* DatePicker_AlarmUITests.xctest */ = {isa = PBXFileReference; explicitFileType = wrapper.cfbundle; includeInIndex = 0; path = DatePicker_AlarmUITests.xctest; sourceTree = BUILT_PRODUCTS_DIR; };
/* End PBXFileReference section */

/* Begin PBXFileSystemSynchronizedBuildFileExceptionSet section */
		1F417B832DD2333500EEF780 /* Exceptions for "DatePicker_Alarm" folder in "DatePicker_Alarm" target */ = {
			isa = PBXFileSystemSynchronizedBuildFileExceptionSet;
			membershipExceptions = (
				Info.plist,
			);
			target = 1F417B5A2DD2333300EEF780 /* DatePicker_Alarm */;
		};
/* End PBXFileSystemSynchronizedBuildFileExceptionSet section */

/* Begin PBXFileSystemSynchronizedRootGroup section */
		1F417B5D2DD2333300EEF780 /* DatePicker_Alarm */ = {
			isa = PBXFileSystemSynchronizedRootGroup;
			exceptions = (
				1F417B832DD2333500EEF780 /* Exceptions for "DatePicker_Alarm" folder in "DatePicker_Alarm" target */,
			);
			path = DatePicker_Alarm;
			sourceTree = "<group>";
		};
		1F417B742DD2333500EEF780 /* DatePicker_AlarmTests */ = {
			isa = PBXFileSystemSynchronizedRootGroup;
			path = DatePicker_AlarmTests;
			sourceTree = "<group>";
		};
		1F417B7E2DD2333500EEF780 /* DatePicker_AlarmUITests */ = {
			isa = PBXFileSystemSynchronizedRootGroup;
			path = DatePicker_AlarmUITests;
			sourceTree = "<group>";
		};
/* End PBXFileSystemSynchronizedRootGroup section */

/* Begin PBXFrameworksBuildPhase section */
		1F417B582DD2333300EEF780 /* Frameworks */ = {
			isa = PBXFrameworksBuildPhase;
			buildActionMask = 2147483647;
			files = (
			);
			runOnlyForDeploymentPostprocessing = 0;
		};
		1F417B6E2DD2333500EEF780 /* Frameworks */ = {
			isa = PBXFrameworksBuildPhase;
			buildActionMask = 2147483647;
			files = (
			);
			runOnlyForDeploymentPostprocessing = 0;
		};
		1F417B782DD2333500EEF780 /* Frameworks */ = {
			isa = PBXFrameworksBuildPhase;
			buildActionMask = 2147483647;
			files = (
			);
			runOnlyForDeploymentPostprocessing = 0;
		};
/* End PBXFrameworksBuildPhase section */

/* Begin PBXGroup section */
		1F417B522DD2333300EEF780 = {
			isa = PBXGroup;
			children = (
				1F417B5D2DD2333300EEF780 /* DatePicker_Alarm */,
				1F417B742DD2333500EEF780 /* DatePicker_AlarmTests */,
				1F417B7E2DD2333500EEF780 /* DatePicker_AlarmUITests */,
				1F417B5C2DD2333300EEF780 /* Products */,
			);
			sourceTree = "<group>";
		};
		1F417B5C2DD2333300EEF780 /* Products */ = {
			isa = PBXGroup;
			children = (
				1F417B5B2DD2333300EEF780 /* DatePicker_Alarm.app */,
				1F417B712DD2333500EEF780 /* DatePicker_AlarmTests.xctest */,
				1F417B7B2DD2333500EEF780 /* DatePicker_AlarmUITests.xctest */,
			);
			name = Products;
			sourceTree = "<group>";
		};
/* End PBXGroup section */

/* Begin PBXNativeTarget section */
		1F417B5A2DD2333300EEF780 /* DatePicker_Alarm */ = {
			isa = PBXNativeTarget;
			buildConfigurationList = 1F417B842DD2333500EEF780 /* Build configuration list for PBXNativeTarget "DatePicker_Alarm" */;
			buildPhases = (
				1F417B572DD2333300EEF780 /* Sources */,
				1F417B582DD2333300EEF780 /* Frameworks */,
				1F417B592DD2333300EEF780 /* Resources */,
			);
			buildRules = (
			);
			dependencies = (
			);
			fileSystemSynchronizedGroups = (
				1F417B5D2DD2333300EEF780 /* DatePicker_Alarm */,
			);
			name = DatePicker_Alarm;
			packageProductDependencies = (
			);
			productName = DatePicker_Alarm;
			productReference = 1F417B5B2DD2333300EEF780 /* DatePicker_Alarm.app */;
			productType = "com.apple.product-type.application";
		};
		1F417B702DD2333500EEF780 /* DatePicker_AlarmTests */ = {
			isa = PBXNativeTarget;
			buildConfigurationList = 1F417B892DD2333500EEF780 /* Build configuration list for PBXNativeTarget "DatePicker_AlarmTests" */;
			buildPhases = (
				1F417B6D2DD2333500EEF780 /* Sources */,
				1F417B6E2DD2333500EEF780 /* Frameworks */,
				1F417B6F2DD2333500EEF780 /* Resources */,
			);
			buildRules = (
			);
			dependencies = (
				1F417B732DD2333500EEF780 /* PBXTargetDependency */,
			);
			fileSystemSynchronizedGroups = (
				1F417B742DD2333500EEF780 /* DatePicker_AlarmTests */,
			);
			name = DatePicker_AlarmTests;
			packageProductDependencies = (
			);
			productName = DatePicker_AlarmTests;
			productReference = 1F417B712DD2333500EEF780 /* DatePicker_AlarmTests.xctest */;
			productType = "com.apple.product-type.bundle.unit-test";
		};
		1F417B7A2DD2333500EEF780 /* DatePicker_AlarmUITests */ = {
			isa = PBXNativeTarget;
			buildConfigurationList = 1F417B8C2DD2333500EEF780 /* Build configuration list for PBXNativeTarget "DatePicker_AlarmUITests" */;
			buildPhases = (
				1F417B772DD2333500EEF780 /* Sources */,
				1F417B782DD2333500EEF780 /* Frameworks */,
				1F417B792DD2333500EEF780 /* Resources */,
			);
			buildRules = (
			);
			dependencies = (
				1F417B7D2DD2333500EEF780 /* PBXTargetDependency */,
			);
			fileSystemSynchronizedGroups = (
				1F417B7E2DD2333500EEF780 /* DatePicker_AlarmUITests */,
			);
			name = DatePicker_AlarmUITests;
			packageProductDependencies = (
			);
			productName = DatePicker_AlarmUITests;
			productReference = 1F417B7B2DD2333500EEF780 /* DatePicker_AlarmUITests.xctest */;
			productType = "com.apple.product-type.bundle.ui-testing";
		};
/* End PBXNativeTarget section */

/* Begin PBXProject section */
		1F417B532DD2333300EEF780 /* Project object */ = {
			isa = PBXProject;
			attributes = {
				BuildIndependentTargetsInParallel = 1;
				LastSwiftUpdateCheck = 1630;
				LastUpgradeCheck = 1630;
				TargetAttributes = {
					1F417B5A2DD2333300EEF780 = {
						CreatedOnToolsVersion = 16.3;
					};
					1F417B702DD2333500EEF780 = {
						CreatedOnToolsVersion = 16.3;
						TestTargetID = 1F417B5A2DD2333300EEF780;
					};
					1F417B7A2DD2333500EEF780 = {
						CreatedOnToolsVersion = 16.3;
						TestTargetID = 1F417B5A2DD2333300EEF780;
					};
				};
			};
			buildConfigurationList = 1F417B562DD2333300EEF780 /* Build configuration list for PBXProject "DatePicker_Alarm" */;
			developmentRegion = en;
			hasScannedForEncodings = 0;
			knownRegions = (
				en,
				Base,
			);
			mainGroup = 1F417B522DD2333300EEF780;
			minimizedProjectReferenceProxies = 1;
			preferredProjectObjectVersion = 77;
			productRefGroup = 1F417B5C2DD2333300EEF780 /* Products */;
			projectDirPath = "";
			projectRoot = "";
			targets = (
				1F417B5A2DD2333300EEF780 /* DatePicker_Alarm */,
				1F417B702DD2333500EEF780 /* DatePicker_AlarmTests */,
				1F417B7A2DD2333500EEF780 /* DatePicker_AlarmUITests */,
			);
		};
/* End PBXProject section */

/* Begin PBXResourcesBuildPhase section */
		1F417B592DD2333300EEF780 /* Resources */ = {
			isa = PBXResourcesBuildPhase;
			buildActionMask = 2147483647;
			files = (
			);
			runOnlyForDeploymentPostprocessing = 0;
		};
		1F417B6F2DD2333500EEF780 /* Resources */ = {
			isa = PBXResourcesBuildPhase;
			buildActionMask = 2147483647;
			files = (
			);
			runOnlyForDeploymentPostprocessing = 0;
		};
		1F417B792DD2333500EEF780 /* Resources */ = {
			isa = PBXResourcesBuildPhase;
			buildActionMask = 2147483647;
			files = (
			);
			runOnlyForDeploymentPostprocessing = 0;
		};
/* End PBXResourcesBuildPhase section */

/* Begin PBXSourcesBuildPhase section */
		1F417B572DD2333300EEF780 /* Sources */ = {
			isa = PBXSourcesBuildPhase;
			buildActionMask = 2147483647;
			files = (
			);
			runOnlyForDeploymentPostprocessing = 0;
		};
		1F417B6D2DD2333500EEF780 /* Sources */ = {
			isa = PBXSourcesBuildPhase;
			buildActionMask = 2147483647;
			files = (
			);
			runOnlyForDeploymentPostprocessing = 0;
		};
		1F417B772DD2333500EEF780 /* Sources */ = {
			isa = PBXSourcesBuildPhase;
			buildActionMask = 2147483647;
			files = (
			);
			runOnlyForDeploymentPostprocessing = 0;
		};
/* End PBXSourcesBuildPhase section */

/* Begin PBXTargetDependency section */
		1F417B732DD2333500EEF780 /* PBXTargetDependency */ = {
			isa = PBXTargetDependency;
			target = 1F417B5A2DD2333300EEF780 /* DatePicker_Alarm */;
			targetProxy = 1F417B722DD2333500EEF780 /* PBXContainerItemProxy */;
		};
		1F417B7D2DD2333500EEF780 /* PBXTargetDependency */ = {
			isa = PBXTargetDependency;
			target = 1F417B5A2DD2333300EEF780 /* DatePicker_Alarm */;
			targetProxy = 1F417B7C2DD2333500EEF780 /* PBXContainerItemProxy */;
		};
/* End PBXTargetDependency section */

/* Begin XCBuildConfiguration section */
		1F417B852DD2333500EEF780 /* Debug */ = {
			isa = XCBuildConfiguration;
			buildSettings = {
				ASSETCATALOG_COMPILER_APPICON_NAME = AppIcon;
				ASSETCATALOG_COMPILER_GLOBAL_ACCENT_COLOR_NAME = AccentColor;
				CODE_SIGN_STYLE = Automatic;
				CURRENT_PROJECT_VERSION = 1;
				GENERATE_INFOPLIST_FILE = YES;
				INFOPLIST_FILE = DatePicker_Alarm/Info.plist;
				INFOPLIST_KEY_UIApplicationSupportsIndirectInputEvents = YES;
				INFOPLIST_KEY_UILaunchStoryboardName = LaunchScreen;
				INFOPLIST_KEY_UIMainStoryboardFile = Main;
				INFOPLIST_KEY_UISupportedInterfaceOrientations_iPad = "UIInterfaceOrientationPortrait UIInterfaceOrientationPortraitUpsideDown UIInterfaceOrientationLandscapeLeft UIInterfaceOrientationLandscapeRight";
				INFOPLIST_KEY_UISupportedInterfaceOrientations_iPhone = "UIInterfaceOrientationPortrait UIInterfaceOrientationLandscapeLeft UIInterfaceOrientationLandscapeRight";
				LD_RUNPATH_SEARCH_PATHS = (
					"$(inherited)",
					"@executable_path/Frameworks",
				);
				MARKETING_VERSION = 1.0;
				PRODUCT_BUNDLE_IDENTIFIER = "com.mycompany.DatePicker-Alarm";
				PRODUCT_NAME = "$(TARGET_NAME)";
				SWIFT_EMIT_LOC_STRINGS = YES;
				SWIFT_VERSION = 5.0;
				TARGETED_DEVICE_FAMILY = "1,2";
			};
			name = Debug;
		};
		1F417B862DD2333500EEF780 /* Release */ = {
			isa = XCBuildConfiguration;
			buildSettings = {
				ASSETCATALOG_COMPILER_APPICON_NAME = AppIcon;
				ASSETCATALOG_COMPILER_GLOBAL_ACCENT_COLOR_NAME = AccentColor;
				CODE_SIGN_STYLE = Automatic;
				CURRENT_PROJECT_VERSION = 1;
				GENERATE_INFOPLIST_FILE = YES;
				INFOPLIST_FILE = DatePicker_Alarm/Info.plist;
				INFOPLIST_KEY_UIApplicationSupportsIndirectInputEvents = YES;
				INFOPLIST_KEY_UILaunchStoryboardName = LaunchScreen;
				INFOPLIST_KEY_UIMainStoryboardFile = Main;
				INFOPLIST_KEY_UISupportedInterfaceOrientations_iPad = "UIInterfaceOrientationPortrait UIInterfaceOrientationPortraitUpsideDown UIInterfaceOrientationLandscapeLeft UIInterfaceOrientationLandscapeRight";
				INFOPLIST_KEY_UISupportedInterfaceOrientations_iPhone = "UIInterfaceOrientationPortrait UIInterfaceOrientationLandscapeLeft UIInterfaceOrientationLandscapeRight";
				LD_RUNPATH_SEARCH_PATHS = (
					"$(inherited)",
					"@executable_path/Frameworks",
				);
				MARKETING_VERSION = 1.0;
				PRODUCT_BUNDLE_IDENTIFIER = "com.mycompany.DatePicker-Alarm";
				PRODUCT_NAME = "$(TARGET_NAME)";
				SWIFT_EMIT_LOC_STRINGS = YES;
				SWIFT_VERSION = 5.0;
				TARGETED_DEVICE_FAMILY = "1,2";
			};
			name = Release;
		};
		1F417B872DD2333500EEF780 /* Debug */ = {
			isa = XCBuildConfiguration;
			buildSettings = {
				ALWAYS_SEARCH_USER_PATHS = NO;
				ASSETCATALOG_COMPILER_GENERATE_SWIFT_ASSET_SYMBOL_EXTENSIONS = YES;
				CLANG_ANALYZER_NONNULL = YES;
				CLANG_ANALYZER_NUMBER_OBJECT_CONVERSION = YES_AGGRESSIVE;
				CLANG_CXX_LANGUAGE_STANDARD = "gnu++20";
				CLANG_ENABLE_MODULES = YES;
				CLANG_ENABLE_OBJC_ARC = YES;
				CLANG_ENABLE_OBJC_WEAK = YES;
				CLANG_WARN_BLOCK_CAPTURE_AUTORELEASING = YES;
				CLANG_WARN_BOOL_CONVERSION = YES;
				CLANG_WARN_COMMA = YES;
				CLANG_WARN_CONSTANT_CONVERSION = YES;
				CLANG_WARN_DEPRECATED_OBJC_IMPLEMENTATIONS = YES;
				CLANG_WARN_DIRECT_OBJC_ISA_USAGE = YES_ERROR;
				CLANG_WARN_DOCUMENTATION_COMMENTS = YES;
				CLANG_WARN_EMPTY_BODY = YES;
				CLANG_WARN_ENUM_CONVERSION = YES;
				CLANG_WARN_INFINITE_RECURSION = YES;
				CLANG_WARN_INT_CONVERSION = YES;
				CLANG_WARN_NON_LITERAL_NULL_CONVERSION = YES;
				CLANG_WARN_OBJC_IMPLICIT_RETAIN_SELF = YES;
				CLANG_WARN_OBJC_LITERAL_CONVERSION = YES;
				CLANG_WARN_OBJC_ROOT_CLASS = YES_ERROR;
				CLANG_WARN_QUOTED_INCLUDE_IN_FRAMEWORK_HEADER = YES;
				CLANG_WARN_RANGE_LOOP_ANALYSIS = YES;
				CLANG_WARN_STRICT_PROTOTYPES = YES;
				CLANG_WARN_SUSPICIOUS_MOVE = YES;
				CLANG_WARN_UNGUARDED_AVAILABILITY = YES_AGGRESSIVE;
				CLANG_WARN_UNREACHABLE_CODE = YES;
				CLANG_WARN__DUPLICATE_METHOD_MATCH = YES;
				COPY_PHASE_STRIP = NO;
				DEBUG_INFORMATION_FORMAT = dwarf;
				ENABLE_STRICT_OBJC_MSGSEND = YES;
				ENABLE_TESTABILITY = YES;
				ENABLE_USER_SCRIPT_SANDBOXING = YES;
				GCC_C_LANGUAGE_STANDARD = gnu17;
				GCC_DYNAMIC_NO_PIC = NO;
				GCC_NO_COMMON_BLOCKS = YES;
				GCC_OPTIMIZATION_LEVEL = 0;
				GCC_PREPROCESSOR_DEFINITIONS = (
					"DEBUG=1",
					"$(inherited)",
				);
				GCC_WARN_64_TO_32_BIT_CONVERSION = YES;
				GCC_WARN_ABOUT_RETURN_TYPE = YES_ERROR;
				GCC_WARN_UNDECLARED_SELECTOR = YES;
				GCC_WARN_UNINITIALIZED_AUTOS = YES_AGGRESSIVE;
				GCC_WARN_UNUSED_FUNCTION = YES;
				GCC_WARN_UNUSED_VARIABLE = YES;
				IPHONEOS_DEPLOYMENT_TARGET = 18.4;
				LOCALIZATION_PREFERS_STRING_CATALOGS = YES;
				MTL_ENABLE_DEBUG_INFO = INCLUDE_SOURCE;
				MTL_FAST_MATH = YES;
				ONLY_ACTIVE_ARCH = YES;
				SDKROOT = iphoneos;
				SWIFT_ACTIVE_COMPILATION_CONDITIONS = "DEBUG $(inherited)";
				SWIFT_OPTIMIZATION_LEVEL = "-Onone";
			};
			name = Debug;
		};
		1F417B882DD2333500EEF780 /* Release */ = {
			isa = XCBuildConfiguration;
			buildSettings = {
				ALWAYS_SEARCH_USER_PATHS = NO;
				ASSETCATALOG_COMPILER_GENERATE_SWIFT_ASSET_SYMBOL_EXTENSIONS = YES;
				CLANG_ANALYZER_NONNULL = YES;
				CLANG_ANALYZER_NUMBER_OBJECT_CONVERSION = YES_AGGRESSIVE;
				CLANG_CXX_LANGUAGE_STANDARD = "gnu++20";
				CLANG_ENABLE_MODULES = YES;
				CLANG_ENABLE_OBJC_ARC = YES;
				CLANG_ENABLE_OBJC_WEAK = YES;
				CLANG_WARN_BLOCK_CAPTURE_AUTORELEASING = YES;
				CLANG_WARN_BOOL_CONVERSION = YES;
				CLANG_WARN_COMMA = YES;
				CLANG_WARN_CONSTANT_CONVERSION = YES;
				CLANG_WARN_DEPRECATED_OBJC_IMPLEMENTATIONS = YES;
				CLANG_WARN_DIRECT_OBJC_ISA_USAGE = YES_ERROR;
				CLANG_WARN_DOCUMENTATION_COMMENTS = YES;
				CLANG_WARN_EMPTY_BODY = YES;
				CLANG_WARN_ENUM_CONVERSION = YES;
				CLANG_WARN_INFINITE_RECURSION = YES;
				CLANG_WARN_INT_CONVERSION = YES;
				CLANG_WARN_NON_LITERAL_NULL_CONVERSION = YES;
				CLANG_WARN_OBJC_IMPLICIT_RETAIN_SELF = YES;
				CLANG_WARN_OBJC_LITERAL_CONVERSION = YES;
				CLANG_WARN_OBJC_ROOT_CLASS = YES_ERROR;
				CLANG_WARN_QUOTED_INCLUDE_IN_FRAMEWORK_HEADER = YES;
				CLANG_WARN_RANGE_LOOP_ANALYSIS = YES;
				CLANG_WARN_STRICT_PROTOTYPES = YES;
				CLANG_WARN_SUSPICIOUS_MOVE = YES;
				CLANG_WARN_UNGUARDED_AVAILABILITY = YES_AGGRESSIVE;
				CLANG_WARN_UNREACHABLE_CODE = YES;
				CLANG_WARN__DUPLICATE_METHOD_MATCH = YES;
				COPY_PHASE_STRIP = NO;
				DEBUG_INFORMATION_FORMAT = "dwarf-with-dsym";
				ENABLE_NS_ASSERTIONS = NO;
				ENABLE_STRICT_OBJC_MSGSEND = YES;
				ENABLE_USER_SCRIPT_SANDBOXING = YES;
				GCC_C_LANGUAGE_STANDARD = gnu17;
				GCC_NO_COMMON_BLOCKS = YES;
				GCC_WARN_64_TO_32_BIT_CONVERSION = YES;
				GCC_WARN_ABOUT_RETURN_TYPE = YES_ERROR;
				GCC_WARN_UNDECLARED_SELECTOR = YES;
				GCC_WARN_UNINITIALIZED_AUTOS = YES_AGGRESSIVE;
				GCC_WARN_UNUSED_FUNCTION = YES;
				GCC_WARN_UNUSED_VARIABLE = YES;
				IPHONEOS_DEPLOYMENT_TARGET = 18.4;
				LOCALIZATION_PREFERS_STRING_CATALOGS = YES;
				MTL_ENABLE_DEBUG_INFO = NO;
				MTL_FAST_MATH = YES;
				SDKROOT = iphoneos;
				SWIFT_COMPILATION_MODE = wholemodule;
				VALIDATE_PRODUCT = YES;
			};
			name = Release;
		};
		1F417B8A2DD2333500EEF780 /* Debug */ = {
			isa = XCBuildConfiguration;
			buildSettings = {
				BUNDLE_LOADER = "$(TEST_HOST)";
				CODE_SIGN_STYLE = Automatic;
				CURRENT_PROJECT_VERSION = 1;
				GENERATE_INFOPLIST_FILE = YES;
				IPHONEOS_DEPLOYMENT_TARGET = 18.4;
				MARKETING_VERSION = 1.0;
				PRODUCT_BUNDLE_IDENTIFIER = "com.mycompany.DatePicker-AlarmTests";
				PRODUCT_NAME = "$(TARGET_NAME)";
				SWIFT_EMIT_LOC_STRINGS = NO;
				SWIFT_VERSION = 5.0;
				TARGETED_DEVICE_FAMILY = "1,2";
				TEST_HOST = "$(BUILT_PRODUCTS_DIR)/DatePicker_Alarm.app/$(BUNDLE_EXECUTABLE_FOLDER_PATH)/DatePicker_Alarm";
			};
			name = Debug;
		};
		1F417B8B2DD2333500EEF780 /* Release */ = {
			isa = XCBuildConfiguration;
			buildSettings = {
				BUNDLE_LOADER = "$(TEST_HOST)";
				CODE_SIGN_STYLE = Automatic;
				CURRENT_PROJECT_VERSION = 1;
				GENERATE_INFOPLIST_FILE = YES;
				IPHONEOS_DEPLOYMENT_TARGET = 18.4;
				MARKETING_VERSION = 1.0;
				PRODUCT_BUNDLE_IDENTIFIER = "com.mycompany.DatePicker-AlarmTests";
				PRODUCT_NAME = "$(TARGET_NAME)";
				SWIFT_EMIT_LOC_STRINGS = NO;
				SWIFT_VERSION = 5.0;
				TARGETED_DEVICE_FAMILY = "1,2";
				TEST_HOST = "$(BUILT_PRODUCTS_DIR)/DatePicker_Alarm.app/$(BUNDLE_EXECUTABLE_FOLDER_PATH)/DatePicker_Alarm";
			};
			name = Release;
		};
		1F417B8D2DD2333500EEF780 /* Debug */ = {
			isa = XCBuildConfiguration;
			buildSettings = {
				CODE_SIGN_STYLE = Automatic;
				CURRENT_PROJECT_VERSION = 1;
				GENERATE_INFOPLIST_FILE = YES;
				MARKETING_VERSION = 1.0;
				PRODUCT_BUNDLE_IDENTIFIER = "com.mycompany.DatePicker-AlarmUITests";
				PRODUCT_NAME = "$(TARGET_NAME)";
				SWIFT_EMIT_LOC_STRINGS = NO;
				SWIFT_VERSION = 5.0;
				TARGETED_DEVICE_FAMILY = "1,2";
				TEST_TARGET_NAME = DatePicker_Alarm;
			};
			name = Debug;
		};
		1F417B8E2DD2333500EEF780 /* Release */ = {
			isa = XCBuildConfiguration;
			buildSettings = {
				CODE_SIGN_STYLE = Automatic;
				CURRENT_PROJECT_VERSION = 1;
				GENERATE_INFOPLIST_FILE = YES;
				MARKETING_VERSION = 1.0;
				PRODUCT_BUNDLE_IDENTIFIER = "com.mycompany.DatePicker-AlarmUITests";
				PRODUCT_NAME = "$(TARGET_NAME)";
				SWIFT_EMIT_LOC_STRINGS = NO;
				SWIFT_VERSION = 5.0;
				TARGETED_DEVICE_FAMILY = "1,2";
				TEST_TARGET_NAME = DatePicker_Alarm;
			};
			name = Release;
		};
/* End XCBuildConfiguration section */

/* Begin XCConfigurationList section */
		1F417B562DD2333300EEF780 /* Build configuration list for PBXProject "DatePicker_Alarm" */ = {
			isa = XCConfigurationList;
			buildConfigurations = (
				1F417B872DD2333500EEF780 /* Debug */,
				1F417B882DD2333500EEF780 /* Release */,
			);
			defaultConfigurationIsVisible = 0;
			defaultConfigurationName = Release;
		};
		1F417B842DD2333500EEF780 /* Build configuration list for PBXNativeTarget "DatePicker_Alarm" */ = {
			isa = XCConfigurationList;
			buildConfigurations = (
				1F417B852DD2333500EEF780 /* Debug */,
				1F417B862DD2333500EEF780 /* Release */,
			);
			defaultConfigurationIsVisible = 0;
			defaultConfigurationName = Release;
		};
		1F417B892DD2333500EEF780 /* Build configuration list for PBXNativeTarget "DatePicker_AlarmTests" */ = {
			isa = XCConfigurationList;
			buildConfigurations = (
				1F417B8A2DD2333500EEF780 /* Debug */,
				1F417B8B2DD2333500EEF780 /* Release */,
			);
			defaultConfigurationIsVisible = 0;
			defaultConfigurationName = Release;
		};
		1F417B8C2DD2333500EEF780 /* Build configuration list for PBXNativeTarget "DatePicker_AlarmUITests" */ = {
			isa = XCConfigurationList;
			buildConfigurations = (
				1F417B8D2DD2333500EEF780 /* Debug */,
				1F417B8E2DD2333500EEF780 /* Release */,
			);
			defaultConfigurationIsVisible = 0;
			defaultConfigurationName = Release;
		};
/* End XCConfigurationList section */
	};
	rootObject = 1F417B532DD2333300EEF780 /* Project object */;
}
