// !$*UTF8*$!
{
	archiveVersion = 1;
	classes = {
	};
	objectVersion = 77;
	objects = {

/* Begin PBXContainerItemProxy section */
		1F062AB02E01A4E4009E1A3C /* PBXContainerItemProxy */ = {
			isa = PBXContainerItemProxy;
			containerPortal = 1F062A912E01A4E2009E1A3C /* Project object */;
			proxyType = 1;
			remoteGlobalIDString = 1F062A982E01A4E2009E1A3C;
			remoteInfo = Chat_SG;
		};
		1F062ABA2E01A4E4009E1A3C /* PBXContainerItemProxy */ = {
			isa = PBXContainerItemProxy;
			containerPortal = 1F062A912E01A4E2009E1A3C /* Project object */;
			proxyType = 1;
			remoteGlobalIDString = 1F062A982E01A4E2009E1A3C;
			remoteInfo = Chat_SG;
		};
/* End PBXContainerItemProxy section */

/* Begin PBXFileReference section */
		1F062A992E01A4E2009E1A3C /* Chat_SG.app */ = {isa = PBXFileReference; explicitFileType = wrapper.application; includeInIndex = 0; path = Chat_SG.app; sourceTree = BUILT_PRODUCTS_DIR; };
		1F062AAF2E01A4E4009E1A3C /* Chat_SGTests.xctest */ = {isa = PBXFileReference; explicitFileType = wrapper.cfbundle; includeInIndex = 0; path = Chat_SGTests.xctest; sourceTree = BUILT_PRODUCTS_DIR; };
		1F062AB92E01A4E4009E1A3C /* Chat_SGUITests.xctest */ = {isa = PBXFileReference; explicitFileType = wrapper.cfbundle; includeInIndex = 0; path = Chat_SGUITests.xctest; sourceTree = BUILT_PRODUCTS_DIR; };
/* End PBXFileReference section */

/* Begin PBXFileSystemSynchronizedBuildFileExceptionSet section */
		1F062AC12E01A4E4009E1A3C /* Exceptions for "Chat_SG" folder in "Chat_SG" target */ = {
			isa = PBXFileSystemSynchronizedBuildFileExceptionSet;
			membershipExceptions = (
				Info.plist,
			);
			target = 1F062A982E01A4E2009E1A3C /* Chat_SG */;
		};
/* End PBXFileSystemSynchronizedBuildFileExceptionSet section */

/* Begin PBXFileSystemSynchronizedRootGroup section */
		1F062A9B2E01A4E2009E1A3C /* Chat_SG */ = {
			isa = PBXFileSystemSynchronizedRootGroup;
			exceptions = (
				1F062AC12E01A4E4009E1A3C /* Exceptions for "Chat_SG" folder in "Chat_SG" target */,
			);
			path = Chat_SG;
			sourceTree = "<group>";
		};
		1F062AB22E01A4E4009E1A3C /* Chat_SGTests */ = {
			isa = PBXFileSystemSynchronizedRootGroup;
			path = Chat_SGTests;
			sourceTree = "<group>";
		};
		1F062ABC2E01A4E4009E1A3C /* Chat_SGUITests */ = {
			isa = PBXFileSystemSynchronizedRootGroup;
			path = Chat_SGUITests;
			sourceTree = "<group>";
		};
/* End PBXFileSystemSynchronizedRootGroup section */

/* Begin PBXFrameworksBuildPhase section */
		1F062A962E01A4E2009E1A3C /* Frameworks */ = {
			isa = PBXFrameworksBuildPhase;
			buildActionMask = 2147483647;
			files = (
			);
			runOnlyForDeploymentPostprocessing = 0;
		};
		1F062AAC2E01A4E4009E1A3C /* Frameworks */ = {
			isa = PBXFrameworksBuildPhase;
			buildActionMask = 2147483647;
			files = (
			);
			runOnlyForDeploymentPostprocessing = 0;
		};
		1F062AB62E01A4E4009E1A3C /* Frameworks */ = {
			isa = PBXFrameworksBuildPhase;
			buildActionMask = 2147483647;
			files = (
			);
			runOnlyForDeploymentPostprocessing = 0;
		};
/* End PBXFrameworksBuildPhase section */

/* Begin PBXGroup section */
		1F062A902E01A4E2009E1A3C = {
			isa = PBXGroup;
			children = (
				1F062A9B2E01A4E2009E1A3C /* Chat_SG */,
				1F062AB22E01A4E4009E1A3C /* Chat_SGTests */,
				1F062ABC2E01A4E4009E1A3C /* Chat_SGUITests */,
				1F062A9A2E01A4E2009E1A3C /* Products */,
			);
			sourceTree = "<group>";
		};
		1F062A9A2E01A4E2009E1A3C /* Products */ = {
			isa = PBXGroup;
			children = (
				1F062A992E01A4E2009E1A3C /* Chat_SG.app */,
				1F062AAF2E01A4E4009E1A3C /* Chat_SGTests.xctest */,
				1F062AB92E01A4E4009E1A3C /* Chat_SGUITests.xctest */,
			);
			name = Products;
			sourceTree = "<group>";
		};
/* End PBXGroup section */

/* Begin PBXNativeTarget section */
		1F062A982E01A4E2009E1A3C /* Chat_SG */ = {
			isa = PBXNativeTarget;
			buildConfigurationList = 1F062AC22E01A4E4009E1A3C /* Build configuration list for PBXNativeTarget "Chat_SG" */;
			buildPhases = (
				1F062A952E01A4E2009E1A3C /* Sources */,
				1F062A962E01A4E2009E1A3C /* Frameworks */,
				1F062A972E01A4E2009E1A3C /* Resources */,
			);
			buildRules = (
			);
			dependencies = (
			);
			fileSystemSynchronizedGroups = (
				1F062A9B2E01A4E2009E1A3C /* Chat_SG */,
			);
			name = Chat_SG;
			packageProductDependencies = (
			);
			productName = Chat_SG;
			productReference = 1F062A992E01A4E2009E1A3C /* Chat_SG.app */;
			productType = "com.apple.product-type.application";
		};
		1F062AAE2E01A4E4009E1A3C /* Chat_SGTests */ = {
			isa = PBXNativeTarget;
			buildConfigurationList = 1F062AC72E01A4E4009E1A3C /* Build configuration list for PBXNativeTarget "Chat_SGTests" */;
			buildPhases = (
				1F062AAB2E01A4E4009E1A3C /* Sources */,
				1F062AAC2E01A4E4009E1A3C /* Frameworks */,
				1F062AAD2E01A4E4009E1A3C /* Resources */,
			);
			buildRules = (
			);
			dependencies = (
				1F062AB12E01A4E4009E1A3C /* PBXTargetDependency */,
			);
			fileSystemSynchronizedGroups = (
				1F062AB22E01A4E4009E1A3C /* Chat_SGTests */,
			);
			name = Chat_SGTests;
			packageProductDependencies = (
			);
			productName = Chat_SGTests;
			productReference = 1F062AAF2E01A4E4009E1A3C /* Chat_SGTests.xctest */;
			productType = "com.apple.product-type.bundle.unit-test";
		};
		1F062AB82E01A4E4009E1A3C /* Chat_SGUITests */ = {
			isa = PBXNativeTarget;
			buildConfigurationList = 1F062ACA2E01A4E4009E1A3C /* Build configuration list for PBXNativeTarget "Chat_SGUITests" */;
			buildPhases = (
				1F062AB52E01A4E4009E1A3C /* Sources */,
				1F062AB62E01A4E4009E1A3C /* Frameworks */,
				1F062AB72E01A4E4009E1A3C /* Resources */,
			);
			buildRules = (
			);
			dependencies = (
				1F062ABB2E01A4E4009E1A3C /* PBXTargetDependency */,
			);
			fileSystemSynchronizedGroups = (
				1F062ABC2E01A4E4009E1A3C /* Chat_SGUITests */,
			);
			name = Chat_SGUITests;
			packageProductDependencies = (
			);
			productName = Chat_SGUITests;
			productReference = 1F062AB92E01A4E4009E1A3C /* Chat_SGUITests.xctest */;
			productType = "com.apple.product-type.bundle.ui-testing";
		};
/* End PBXNativeTarget section */

/* Begin PBXProject section */
		1F062A912E01A4E2009E1A3C /* Project object */ = {
			isa = PBXProject;
			attributes = {
				BuildIndependentTargetsInParallel = 1;
				LastSwiftUpdateCheck = 1640;
				LastUpgradeCheck = 1640;
				TargetAttributes = {
					1F062A982E01A4E2009E1A3C = {
						CreatedOnToolsVersion = 16.4;
					};
					1F062AAE2E01A4E4009E1A3C = {
						CreatedOnToolsVersion = 16.4;
						TestTargetID = 1F062A982E01A4E2009E1A3C;
					};
					1F062AB82E01A4E4009E1A3C = {
						CreatedOnToolsVersion = 16.4;
						TestTargetID = 1F062A982E01A4E2009E1A3C;
					};
				};
			};
			buildConfigurationList = 1F062A942E01A4E2009E1A3C /* Build configuration list for PBXProject "Chat_SG" */;
			developmentRegion = en;
			hasScannedForEncodings = 0;
			knownRegions = (
				en,
				Base,
			);
			mainGroup = 1F062A902E01A4E2009E1A3C;
			minimizedProjectReferenceProxies = 1;
			preferredProjectObjectVersion = 77;
			productRefGroup = 1F062A9A2E01A4E2009E1A3C /* Products */;
			projectDirPath = "";
			projectRoot = "";
			targets = (
				1F062A982E01A4E2009E1A3C /* Chat_SG */,
				1F062AAE2E01A4E4009E1A3C /* Chat_SGTests */,
				1F062AB82E01A4E4009E1A3C /* Chat_SGUITests */,
			);
		};
/* End PBXProject section */

/* Begin PBXResourcesBuildPhase section */
		1F062A972E01A4E2009E1A3C /* Resources */ = {
			isa = PBXResourcesBuildPhase;
			buildActionMask = 2147483647;
			files = (
			);
			runOnlyForDeploymentPostprocessing = 0;
		};
		1F062AAD2E01A4E4009E1A3C /* Resources */ = {
			isa = PBXResourcesBuildPhase;
			buildActionMask = 2147483647;
			files = (
			);
			runOnlyForDeploymentPostprocessing = 0;
		};
		1F062AB72E01A4E4009E1A3C /* Resources */ = {
			isa = PBXResourcesBuildPhase;
			buildActionMask = 2147483647;
			files = (
			);
			runOnlyForDeploymentPostprocessing = 0;
		};
/* End PBXResourcesBuildPhase section */

/* Begin PBXSourcesBuildPhase section */
		1F062A952E01A4E2009E1A3C /* Sources */ = {
			isa = PBXSourcesBuildPhase;
			buildActionMask = 2147483647;
			files = (
			);
			runOnlyForDeploymentPostprocessing = 0;
		};
		1F062AAB2E01A4E4009E1A3C /* Sources */ = {
			isa = PBXSourcesBuildPhase;
			buildActionMask = 2147483647;
			files = (
			);
			runOnlyForDeploymentPostprocessing = 0;
		};
		1F062AB52E01A4E4009E1A3C /* Sources */ = {
			isa = PBXSourcesBuildPhase;
			buildActionMask = 2147483647;
			files = (
			);
			runOnlyForDeploymentPostprocessing = 0;
		};
/* End PBXSourcesBuildPhase section */

/* Begin PBXTargetDependency section */
		1F062AB12E01A4E4009E1A3C /* PBXTargetDependency */ = {
			isa = PBXTargetDependency;
			target = 1F062A982E01A4E2009E1A3C /* Chat_SG */;
			targetProxy = 1F062AB02E01A4E4009E1A3C /* PBXContainerItemProxy */;
		};
		1F062ABB2E01A4E4009E1A3C /* PBXTargetDependency */ = {
			isa = PBXTargetDependency;
			target = 1F062A982E01A4E2009E1A3C /* Chat_SG */;
			targetProxy = 1F062ABA2E01A4E4009E1A3C /* PBXContainerItemProxy */;
		};
/* End PBXTargetDependency section */

/* Begin XCBuildConfiguration section */
		1F062AC32E01A4E4009E1A3C /* Debug */ = {
			isa = XCBuildConfiguration;
			buildSettings = {
				ASSETCATALOG_COMPILER_APPICON_NAME = AppIcon;
				ASSETCATALOG_COMPILER_GLOBAL_ACCENT_COLOR_NAME = AccentColor;
				CODE_SIGN_STYLE = Automatic;
				CURRENT_PROJECT_VERSION = 1;
				GENERATE_INFOPLIST_FILE = YES;
				INFOPLIST_FILE = Chat_SG/Info.plist;
				INFOPLIST_KEY_UIApplicationSupportsIndirectInputEvents = YES;
				INFOPLIST_KEY_UILaunchStoryboardName = LaunchScreen;
				INFOPLIST_KEY_UIMainStoryboardFile = Main;
				INFOPLIST_KEY_UISupportedInterfaceOrientations_iPad = "UIInterfaceOrientationPortrait UIInterfaceOrientationPortraitUpsideDown UIInterfaceOrientationLandscapeLeft UIInterfaceOrientationLandscapeRight";
				INFOPLIST_KEY_UISupportedInterfaceOrientations_iPhone = "UIInterfaceOrientationPortrait UIInterfaceOrientationLandscapeLeft UIInterfaceOrientationLandscapeRight";
				LD_RUNPATH_SEARCH_PATHS = (
					"$(inherited)",
					"@executable_path/Frameworks",
				);
				MARKETING_VERSION = 1.0;
				PRODUCT_BUNDLE_IDENTIFIER = "com.mycompany.Chat-SG";
				PRODUCT_NAME = "$(TARGET_NAME)";
				SWIFT_EMIT_LOC_STRINGS = YES;
				SWIFT_VERSION = 5.0;
				TARGETED_DEVICE_FAMILY = "1,2";
			};
			name = Debug;
		};
		1F062AC42E01A4E4009E1A3C /* Release */ = {
			isa = XCBuildConfiguration;
			buildSettings = {
				ASSETCATALOG_COMPILER_APPICON_NAME = AppIcon;
				ASSETCATALOG_COMPILER_GLOBAL_ACCENT_COLOR_NAME = AccentColor;
				CODE_SIGN_STYLE = Automatic;
				CURRENT_PROJECT_VERSION = 1;
				GENERATE_INFOPLIST_FILE = YES;
				INFOPLIST_FILE = Chat_SG/Info.plist;
				INFOPLIST_KEY_UIApplicationSupportsIndirectInputEvents = YES;
				INFOPLIST_KEY_UILaunchStoryboardName = LaunchScreen;
				INFOPLIST_KEY_UIMainStoryboardFile = Main;
				INFOPLIST_KEY_UISupportedInterfaceOrientations_iPad = "UIInterfaceOrientationPortrait UIInterfaceOrientationPortraitUpsideDown UIInterfaceOrientationLandscapeLeft UIInterfaceOrientationLandscapeRight";
				INFOPLIST_KEY_UISupportedInterfaceOrientations_iPhone = "UIInterfaceOrientationPortrait UIInterfaceOrientationLandscapeLeft UIInterfaceOrientationLandscapeRight";
				LD_RUNPATH_SEARCH_PATHS = (
					"$(inherited)",
					"@executable_path/Frameworks",
				);
				MARKETING_VERSION = 1.0;
				PRODUCT_BUNDLE_IDENTIFIER = "com.mycompany.Chat-SG";
				PRODUCT_NAME = "$(TARGET_NAME)";
				SWIFT_EMIT_LOC_STRINGS = YES;
				SWIFT_VERSION = 5.0;
				TARGETED_DEVICE_FAMILY = "1,2";
			};
			name = Release;
		};
		1F062AC52E01A4E4009E1A3C /* Debug */ = {
			isa = XCBuildConfiguration;
			buildSettings = {
				ALWAYS_SEARCH_USER_PATHS = NO;
				ASSETCATALOG_COMPILER_GENERATE_SWIFT_ASSET_SYMBOL_EXTENSIONS = YES;
				CLANG_ANALYZER_NONNULL = YES;
				CLANG_ANALYZER_NUMBER_OBJECT_CONVERSION = YES_AGGRESSIVE;
				CLANG_CXX_LANGUAGE_STANDARD = "gnu++20";
				CLANG_ENABLE_MODULES = YES;
				CLANG_ENABLE_OBJC_ARC = YES;
				CLANG_ENABLE_OBJC_WEAK = YES;
				CLANG_WARN_BLOCK_CAPTURE_AUTORELEASING = YES;
				CLANG_WARN_BOOL_CONVERSION = YES;
				CLANG_WARN_COMMA = YES;
				CLANG_WARN_CONSTANT_CONVERSION = YES;
				CLANG_WARN_DEPRECATED_OBJC_IMPLEMENTATIONS = YES;
				CLANG_WARN_DIRECT_OBJC_ISA_USAGE = YES_ERROR;
				CLANG_WARN_DOCUMENTATION_COMMENTS = YES;
				CLANG_WARN_EMPTY_BODY = YES;
				CLANG_WARN_ENUM_CONVERSION = YES;
				CLANG_WARN_INFINITE_RECURSION = YES;
				CLANG_WARN_INT_CONVERSION = YES;
				CLANG_WARN_NON_LITERAL_NULL_CONVERSION = YES;
				CLANG_WARN_OBJC_IMPLICIT_RETAIN_SELF = YES;
				CLANG_WARN_OBJC_LITERAL_CONVERSION = YES;
				CLANG_WARN_OBJC_ROOT_CLASS = YES_ERROR;
				CLANG_WARN_QUOTED_INCLUDE_IN_FRAMEWORK_HEADER = YES;
				CLANG_WARN_RANGE_LOOP_ANALYSIS = YES;
				CLANG_WARN_STRICT_PROTOTYPES = YES;
				CLANG_WARN_SUSPICIOUS_MOVE = YES;
				CLANG_WARN_UNGUARDED_AVAILABILITY = YES_AGGRESSIVE;
				CLANG_WARN_UNREACHABLE_CODE = YES;
				CLANG_WARN__DUPLICATE_METHOD_MATCH = YES;
				COPY_PHASE_STRIP = NO;
				DEBUG_INFORMATION_FORMAT = dwarf;
				ENABLE_STRICT_OBJC_MSGSEND = YES;
				ENABLE_TESTABILITY = YES;
				ENABLE_USER_SCRIPT_SANDBOXING = YES;
				GCC_C_LANGUAGE_STANDARD = gnu17;
				GCC_DYNAMIC_NO_PIC = NO;
				GCC_NO_COMMON_BLOCKS = YES;
				GCC_OPTIMIZATION_LEVEL = 0;
				GCC_PREPROCESSOR_DEFINITIONS = (
					"DEBUG=1",
					"$(inherited)",
				);
				GCC_WARN_64_TO_32_BIT_CONVERSION = YES;
				GCC_WARN_ABOUT_RETURN_TYPE = YES_ERROR;
				GCC_WARN_UNDECLARED_SELECTOR = YES;
				GCC_WARN_UNINITIALIZED_AUTOS = YES_AGGRESSIVE;
				GCC_WARN_UNUSED_FUNCTION = YES;
				GCC_WARN_UNUSED_VARIABLE = YES;
				IPHONEOS_DEPLOYMENT_TARGET = 18.5;
				LOCALIZATION_PREFERS_STRING_CATALOGS = YES;
				MTL_ENABLE_DEBUG_INFO = INCLUDE_SOURCE;
				MTL_FAST_MATH = YES;
				ONLY_ACTIVE_ARCH = YES;
				SDKROOT = iphoneos;
				SWIFT_ACTIVE_COMPILATION_CONDITIONS = "DEBUG $(inherited)";
				SWIFT_OPTIMIZATION_LEVEL = "-Onone";
			};
			name = Debug;
		};
		1F062AC62E01A4E4009E1A3C /* Release */ = {
			isa = XCBuildConfiguration;
			buildSettings = {
				ALWAYS_SEARCH_USER_PATHS = NO;
				ASSETCATALOG_COMPILER_GENERATE_SWIFT_ASSET_SYMBOL_EXTENSIONS = YES;
				CLANG_ANALYZER_NONNULL = YES;
				CLANG_ANALYZER_NUMBER_OBJECT_CONVERSION = YES_AGGRESSIVE;
				CLANG_CXX_LANGUAGE_STANDARD = "gnu++20";
				CLANG_ENABLE_MODULES = YES;
				CLANG_ENABLE_OBJC_ARC = YES;
				CLANG_ENABLE_OBJC_WEAK = YES;
				CLANG_WARN_BLOCK_CAPTURE_AUTORELEASING = YES;
				CLANG_WARN_BOOL_CONVERSION = YES;
				CLANG_WARN_COMMA = YES;
				CLANG_WARN_CONSTANT_CONVERSION = YES;
				CLANG_WARN_DEPRECATED_OBJC_IMPLEMENTATIONS = YES;
				CLANG_WARN_DIRECT_OBJC_ISA_USAGE = YES_ERROR;
				CLANG_WARN_DOCUMENTATION_COMMENTS = YES;
				CLANG_WARN_EMPTY_BODY = YES;
				CLANG_WARN_ENUM_CONVERSION = YES;
				CLANG_WARN_INFINITE_RECURSION = YES;
				CLANG_WARN_INT_CONVERSION = YES;
				CLANG_WARN_NON_LITERAL_NULL_CONVERSION = YES;
				CLANG_WARN_OBJC_IMPLICIT_RETAIN_SELF = YES;
				CLANG_WARN_OBJC_LITERAL_CONVERSION = YES;
				CLANG_WARN_OBJC_ROOT_CLASS = YES_ERROR;
				CLANG_WARN_QUOTED_INCLUDE_IN_FRAMEWORK_HEADER = YES;
				CLANG_WARN_RANGE_LOOP_ANALYSIS = YES;
				CLANG_WARN_STRICT_PROTOTYPES = YES;
				CLANG_WARN_SUSPICIOUS_MOVE = YES;
				CLANG_WARN_UNGUARDED_AVAILABILITY = YES_AGGRESSIVE;
				CLANG_WARN_UNREACHABLE_CODE = YES;
				CLANG_WARN__DUPLICATE_METHOD_MATCH = YES;
				COPY_PHASE_STRIP = NO;
				DEBUG_INFORMATION_FORMAT = "dwarf-with-dsym";
				ENABLE_NS_ASSERTIONS = NO;
				ENABLE_STRICT_OBJC_MSGSEND = YES;
				ENABLE_USER_SCRIPT_SANDBOXING = YES;
				GCC_C_LANGUAGE_STANDARD = gnu17;
				GCC_NO_COMMON_BLOCKS = YES;
				GCC_WARN_64_TO_32_BIT_CONVERSION = YES;
				GCC_WARN_ABOUT_RETURN_TYPE = YES_ERROR;
				GCC_WARN_UNDECLARED_SELECTOR = YES;
				GCC_WARN_UNINITIALIZED_AUTOS = YES_AGGRESSIVE;
				GCC_WARN_UNUSED_FUNCTION = YES;
				GCC_WARN_UNUSED_VARIABLE = YES;
				IPHONEOS_DEPLOYMENT_TARGET = 18.5;
				LOCALIZATION_PREFERS_STRING_CATALOGS = YES;
				MTL_ENABLE_DEBUG_INFO = NO;
				MTL_FAST_MATH = YES;
				SDKROOT = iphoneos;
				SWIFT_COMPILATION_MODE = wholemodule;
				VALIDATE_PRODUCT = YES;
			};
			name = Release;
		};
		1F062AC82E01A4E4009E1A3C /* Debug */ = {
			isa = XCBuildConfiguration;
			buildSettings = {
				BUNDLE_LOADER = "$(TEST_HOST)";
				CODE_SIGN_STYLE = Automatic;
				CURRENT_PROJECT_VERSION = 1;
				GENERATE_INFOPLIST_FILE = YES;
				IPHONEOS_DEPLOYMENT_TARGET = 18.5;
				MARKETING_VERSION = 1.0;
				PRODUCT_BUNDLE_IDENTIFIER = "com.mycompany.Chat-SGTests";
				PRODUCT_NAME = "$(TARGET_NAME)";
				SWIFT_EMIT_LOC_STRINGS = NO;
				SWIFT_VERSION = 5.0;
				TARGETED_DEVICE_FAMILY = "1,2";
				TEST_HOST = "$(BUILT_PRODUCTS_DIR)/Chat_SG.app/$(BUNDLE_EXECUTABLE_FOLDER_PATH)/Chat_SG";
			};
			name = Debug;
		};
		1F062AC92E01A4E4009E1A3C /* Release */ = {
			isa = XCBuildConfiguration;
			buildSettings = {
				BUNDLE_LOADER = "$(TEST_HOST)";
				CODE_SIGN_STYLE = Automatic;
				CURRENT_PROJECT_VERSION = 1;
				GENERATE_INFOPLIST_FILE = YES;
				IPHONEOS_DEPLOYMENT_TARGET = 18.5;
				MARKETING_VERSION = 1.0;
				PRODUCT_BUNDLE_IDENTIFIER = "com.mycompany.Chat-SGTests";
				PRODUCT_NAME = "$(TARGET_NAME)";
				SWIFT_EMIT_LOC_STRINGS = NO;
				SWIFT_VERSION = 5.0;
				TARGETED_DEVICE_FAMILY = "1,2";
				TEST_HOST = "$(BUILT_PRODUCTS_DIR)/Chat_SG.app/$(BUNDLE_EXECUTABLE_FOLDER_PATH)/Chat_SG";
			};
			name = Release;
		};
		1F062ACB2E01A4E4009E1A3C /* Debug */ = {
			isa = XCBuildConfiguration;
			buildSettings = {
				CODE_SIGN_STYLE = Automatic;
				CURRENT_PROJECT_VERSION = 1;
				GENERATE_INFOPLIST_FILE = YES;
				MARKETING_VERSION = 1.0;
				PRODUCT_BUNDLE_IDENTIFIER = "com.mycompany.Chat-SGUITests";
				PRODUCT_NAME = "$(TARGET_NAME)";
				SWIFT_EMIT_LOC_STRINGS = NO;
				SWIFT_VERSION = 5.0;
				TARGETED_DEVICE_FAMILY = "1,2";
				TEST_TARGET_NAME = Chat_SG;
			};
			name = Debug;
		};
		1F062ACC2E01A4E4009E1A3C /* Release */ = {
			isa = XCBuildConfiguration;
			buildSettings = {
				CODE_SIGN_STYLE = Automatic;
				CURRENT_PROJECT_VERSION = 1;
				GENERATE_INFOPLIST_FILE = YES;
				MARKETING_VERSION = 1.0;
				PRODUCT_BUNDLE_IDENTIFIER = "com.mycompany.Chat-SGUITests";
				PRODUCT_NAME = "$(TARGET_NAME)";
				SWIFT_EMIT_LOC_STRINGS = NO;
				SWIFT_VERSION = 5.0;
				TARGETED_DEVICE_FAMILY = "1,2";
				TEST_TARGET_NAME = Chat_SG;
			};
			name = Release;
		};
/* End XCBuildConfiguration section */

/* Begin XCConfigurationList section */
		1F062A942E01A4E2009E1A3C /* Build configuration list for PBXProject "Chat_SG" */ = {
			isa = XCConfigurationList;
			buildConfigurations = (
				1F062AC52E01A4E4009E1A3C /* Debug */,
				1F062AC62E01A4E4009E1A3C /* Release */,
			);
			defaultConfigurationIsVisible = 0;
			defaultConfigurationName = Release;
		};
		1F062AC22E01A4E4009E1A3C /* Build configuration list for PBXNativeTarget "Chat_SG" */ = {
			isa = XCConfigurationList;
			buildConfigurations = (
				1F062AC32E01A4E4009E1A3C /* Debug */,
				1F062AC42E01A4E4009E1A3C /* Release */,
			);
			defaultConfigurationIsVisible = 0;
			defaultConfigurationName = Release;
		};
		1F062AC72E01A4E4009E1A3C /* Build configuration list for PBXNativeTarget "Chat_SGTests" */ = {
			isa = XCConfigurationList;
			buildConfigurations = (
				1F062AC82E01A4E4009E1A3C /* Debug */,
				1F062AC92E01A4E4009E1A3C /* Release */,
			);
			defaultConfigurationIsVisible = 0;
			defaultConfigurationName = Release;
		};
		1F062ACA2E01A4E4009E1A3C /* Build configuration list for PBXNativeTarget "Chat_SGUITests" */ = {
			isa = XCConfigurationList;
			buildConfigurations = (
				1F062ACB2E01A4E4009E1A3C /* Debug */,
				1F062ACC2E01A4E4009E1A3C /* Release */,
			);
			defaultConfigurationIsVisible = 0;
			defaultConfigurationName = Release;
		};
/* End XCConfigurationList section */
	};
	rootObject = 1F062A912E01A4E2009E1A3C /* Project object */;
}
