// !$*UTF8*$!
{
	archiveVersion = 1;
	classes = {
	};
	objectVersion = 77;
	objects = {

/* Begin PBXContainerItemProxy section */
		1FEC46162DC38BB80075B7D5 /* PBXContainerItemProxy */ = {
			isa = PBXContainerItemProxy;
			containerPortal = 1FEC45F72DC38BB60075B7D5 /* Project object */;
			proxyType = 1;
			remoteGlobalIDString = 1FEC45FE2DC38BB60075B7D5;
			remoteInfo = ImgViewer;
		};
		1FEC46202DC38BB80075B7D5 /* PBXContainerItemProxy */ = {
			isa = PBXContainerItemProxy;
			containerPortal = 1FEC45F72DC38BB60075B7D5 /* Project object */;
			proxyType = 1;
			remoteGlobalIDString = 1FEC45FE2DC38BB60075B7D5;
			remoteInfo = ImgViewer;
		};
/* End PBXContainerItemProxy section */

/* Begin PBXFileReference section */
		1FEC45FF2DC38BB60075B7D5 /* ImgViewer.app */ = {isa = PBXFileReference; explicitFileType = wrapper.application; includeInIndex = 0; path = ImgViewer.app; sourceTree = BUILT_PRODUCTS_DIR; };
		1FEC46152DC38BB80075B7D5 /* ImgViewerTests.xctest */ = {isa = PBXFileReference; explicitFileType = wrapper.cfbundle; includeInIndex = 0; path = ImgViewerTests.xctest; sourceTree = BUILT_PRODUCTS_DIR; };
		1FEC461F2DC38BB80075B7D5 /* ImgViewerUITests.xctest */ = {isa = PBXFileReference; explicitFileType = wrapper.cfbundle; includeInIndex = 0; path = ImgViewerUITests.xctest; sourceTree = BUILT_PRODUCTS_DIR; };
/* End PBXFileReference section */

/* Begin PBXFileSystemSynchronizedBuildFileExceptionSet section */
		1FEC46272DC38BB80075B7D5 /* Exceptions for "ImgViewer" folder in "ImgViewer" target */ = {
			isa = PBXFileSystemSynchronizedBuildFileExceptionSet;
			membershipExceptions = (
				Info.plist,
			);
			target = 1FEC45FE2DC38BB60075B7D5 /* ImgViewer */;
		};
/* End PBXFileSystemSynchronizedBuildFileExceptionSet section */

/* Begin PBXFileSystemSynchronizedRootGroup section */
		1FEC46012DC38BB60075B7D5 /* ImgViewer */ = {
			isa = PBXFileSystemSynchronizedRootGroup;
			exceptions = (
				1FEC46272DC38BB80075B7D5 /* Exceptions for "ImgViewer" folder in "ImgViewer" target */,
			);
			path = ImgViewer;
			sourceTree = "<group>";
		};
		1FEC46182DC38BB80075B7D5 /* ImgViewerTests */ = {
			isa = PBXFileSystemSynchronizedRootGroup;
			path = ImgViewerTests;
			sourceTree = "<group>";
		};
		1FEC46222DC38BB80075B7D5 /* ImgViewerUITests */ = {
			isa = PBXFileSystemSynchronizedRootGroup;
			path = ImgViewerUITests;
			sourceTree = "<group>";
		};
/* End PBXFileSystemSynchronizedRootGroup section */

/* Begin PBXFrameworksBuildPhase section */
		1FEC45FC2DC38BB60075B7D5 /* Frameworks */ = {
			isa = PBXFrameworksBuildPhase;
			buildActionMask = 2147483647;
			files = (
			);
			runOnlyForDeploymentPostprocessing = 0;
		};
		1FEC46122DC38BB80075B7D5 /* Frameworks */ = {
			isa = PBXFrameworksBuildPhase;
			buildActionMask = 2147483647;
			files = (
			);
			runOnlyForDeploymentPostprocessing = 0;
		};
		1FEC461C2DC38BB80075B7D5 /* Frameworks */ = {
			isa = PBXFrameworksBuildPhase;
			buildActionMask = 2147483647;
			files = (
			);
			runOnlyForDeploymentPostprocessing = 0;
		};
/* End PBXFrameworksBuildPhase section */

/* Begin PBXGroup section */
		1FEC45F62DC38BB60075B7D5 = {
			isa = PBXGroup;
			children = (
				1FEC46012DC38BB60075B7D5 /* ImgViewer */,
				1FEC46182DC38BB80075B7D5 /* ImgViewerTests */,
				1FEC46222DC38BB80075B7D5 /* ImgViewerUITests */,
				1FEC46002DC38BB60075B7D5 /* Products */,
			);
			sourceTree = "<group>";
		};
		1FEC46002DC38BB60075B7D5 /* Products */ = {
			isa = PBXGroup;
			children = (
				1FEC45FF2DC38BB60075B7D5 /* ImgViewer.app */,
				1FEC46152DC38BB80075B7D5 /* ImgViewerTests.xctest */,
				1FEC461F2DC38BB80075B7D5 /* ImgViewerUITests.xctest */,
			);
			name = Products;
			sourceTree = "<group>";
		};
/* End PBXGroup section */

/* Begin PBXNativeTarget section */
		1FEC45FE2DC38BB60075B7D5 /* ImgViewer */ = {
			isa = PBXNativeTarget;
			buildConfigurationList = 1FEC46282DC38BB80075B7D5 /* Build configuration list for PBXNativeTarget "ImgViewer" */;
			buildPhases = (
				1FEC45FB2DC38BB60075B7D5 /* Sources */,
				1FEC45FC2DC38BB60075B7D5 /* Frameworks */,
				1FEC45FD2DC38BB60075B7D5 /* Resources */,
			);
			buildRules = (
			);
			dependencies = (
			);
			fileSystemSynchronizedGroups = (
				1FEC46012DC38BB60075B7D5 /* ImgViewer */,
			);
			name = ImgViewer;
			packageProductDependencies = (
			);
			productName = ImgViewer;
			productReference = 1FEC45FF2DC38BB60075B7D5 /* ImgViewer.app */;
			productType = "com.apple.product-type.application";
		};
		1FEC46142DC38BB80075B7D5 /* ImgViewerTests */ = {
			isa = PBXNativeTarget;
			buildConfigurationList = 1FEC462D2DC38BB80075B7D5 /* Build configuration list for PBXNativeTarget "ImgViewerTests" */;
			buildPhases = (
				1FEC46112DC38BB80075B7D5 /* Sources */,
				1FEC46122DC38BB80075B7D5 /* Frameworks */,
				1FEC46132DC38BB80075B7D5 /* Resources */,
			);
			buildRules = (
			);
			dependencies = (
				1FEC46172DC38BB80075B7D5 /* PBXTargetDependency */,
			);
			fileSystemSynchronizedGroups = (
				1FEC46182DC38BB80075B7D5 /* ImgViewerTests */,
			);
			name = ImgViewerTests;
			packageProductDependencies = (
			);
			productName = ImgViewerTests;
			productReference = 1FEC46152DC38BB80075B7D5 /* ImgViewerTests.xctest */;
			productType = "com.apple.product-type.bundle.unit-test";
		};
		1FEC461E2DC38BB80075B7D5 /* ImgViewerUITests */ = {
			isa = PBXNativeTarget;
			buildConfigurationList = 1FEC46302DC38BB80075B7D5 /* Build configuration list for PBXNativeTarget "ImgViewerUITests" */;
			buildPhases = (
				1FEC461B2DC38BB80075B7D5 /* Sources */,
				1FEC461C2DC38BB80075B7D5 /* Frameworks */,
				1FEC461D2DC38BB80075B7D5 /* Resources */,
			);
			buildRules = (
			);
			dependencies = (
				1FEC46212DC38BB80075B7D5 /* PBXTargetDependency */,
			);
			fileSystemSynchronizedGroups = (
				1FEC46222DC38BB80075B7D5 /* ImgViewerUITests */,
			);
			name = ImgViewerUITests;
			packageProductDependencies = (
			);
			productName = ImgViewerUITests;
			productReference = 1FEC461F2DC38BB80075B7D5 /* ImgViewerUITests.xctest */;
			productType = "com.apple.product-type.bundle.ui-testing";
		};
/* End PBXNativeTarget section */

/* Begin PBXProject section */
		1FEC45F72DC38BB60075B7D5 /* Project object */ = {
			isa = PBXProject;
			attributes = {
				BuildIndependentTargetsInParallel = 1;
				LastSwiftUpdateCheck = 1630;
				LastUpgradeCheck = 1630;
				TargetAttributes = {
					1FEC45FE2DC38BB60075B7D5 = {
						CreatedOnToolsVersion = 16.3;
					};
					1FEC46142DC38BB80075B7D5 = {
						CreatedOnToolsVersion = 16.3;
						TestTargetID = 1FEC45FE2DC38BB60075B7D5;
					};
					1FEC461E2DC38BB80075B7D5 = {
						CreatedOnToolsVersion = 16.3;
						TestTargetID = 1FEC45FE2DC38BB60075B7D5;
					};
				};
			};
			buildConfigurationList = 1FEC45FA2DC38BB60075B7D5 /* Build configuration list for PBXProject "ImgViewer" */;
			developmentRegion = en;
			hasScannedForEncodings = 0;
			knownRegions = (
				en,
				Base,
			);
			mainGroup = 1FEC45F62DC38BB60075B7D5;
			minimizedProjectReferenceProxies = 1;
			preferredProjectObjectVersion = 77;
			productRefGroup = 1FEC46002DC38BB60075B7D5 /* Products */;
			projectDirPath = "";
			projectRoot = "";
			targets = (
				1FEC45FE2DC38BB60075B7D5 /* ImgViewer */,
				1FEC46142DC38BB80075B7D5 /* ImgViewerTests */,
				1FEC461E2DC38BB80075B7D5 /* ImgViewerUITests */,
			);
		};
/* End PBXProject section */

/* Begin PBXResourcesBuildPhase section */
		1FEC45FD2DC38BB60075B7D5 /* Resources */ = {
			isa = PBXResourcesBuildPhase;
			buildActionMask = 2147483647;
			files = (
			);
			runOnlyForDeploymentPostprocessing = 0;
		};
		1FEC46132DC38BB80075B7D5 /* Resources */ = {
			isa = PBXResourcesBuildPhase;
			buildActionMask = 2147483647;
			files = (
			);
			runOnlyForDeploymentPostprocessing = 0;
		};
		1FEC461D2DC38BB80075B7D5 /* Resources */ = {
			isa = PBXResourcesBuildPhase;
			buildActionMask = 2147483647;
			files = (
			);
			runOnlyForDeploymentPostprocessing = 0;
		};
/* End PBXResourcesBuildPhase section */

/* Begin PBXSourcesBuildPhase section */
		1FEC45FB2DC38BB60075B7D5 /* Sources */ = {
			isa = PBXSourcesBuildPhase;
			buildActionMask = 2147483647;
			files = (
			);
			runOnlyForDeploymentPostprocessing = 0;
		};
		1FEC46112DC38BB80075B7D5 /* Sources */ = {
			isa = PBXSourcesBuildPhase;
			buildActionMask = 2147483647;
			files = (
			);
			runOnlyForDeploymentPostprocessing = 0;
		};
		1FEC461B2DC38BB80075B7D5 /* Sources */ = {
			isa = PBXSourcesBuildPhase;
			buildActionMask = 2147483647;
			files = (
			);
			runOnlyForDeploymentPostprocessing = 0;
		};
/* End PBXSourcesBuildPhase section */

/* Begin PBXTargetDependency section */
		1FEC46172DC38BB80075B7D5 /* PBXTargetDependency */ = {
			isa = PBXTargetDependency;
			target = 1FEC45FE2DC38BB60075B7D5 /* ImgViewer */;
			targetProxy = 1FEC46162DC38BB80075B7D5 /* PBXContainerItemProxy */;
		};
		1FEC46212DC38BB80075B7D5 /* PBXTargetDependency */ = {
			isa = PBXTargetDependency;
			target = 1FEC45FE2DC38BB60075B7D5 /* ImgViewer */;
			targetProxy = 1FEC46202DC38BB80075B7D5 /* PBXContainerItemProxy */;
		};
/* End PBXTargetDependency section */

/* Begin XCBuildConfiguration section */
		1FEC46292DC38BB80075B7D5 /* Debug */ = {
			isa = XCBuildConfiguration;
			buildSettings = {
				ASSETCATALOG_COMPILER_APPICON_NAME = AppIcon;
				ASSETCATALOG_COMPILER_GLOBAL_ACCENT_COLOR_NAME = AccentColor;
				CODE_SIGN_STYLE = Automatic;
				CURRENT_PROJECT_VERSION = 1;
				GENERATE_INFOPLIST_FILE = YES;
				INFOPLIST_FILE = ImgViewer/Info.plist;
				INFOPLIST_KEY_UIApplicationSupportsIndirectInputEvents = YES;
				INFOPLIST_KEY_UILaunchStoryboardName = LaunchScreen;
				INFOPLIST_KEY_UIMainStoryboardFile = Main;
				INFOPLIST_KEY_UISupportedInterfaceOrientations_iPad = "UIInterfaceOrientationPortrait UIInterfaceOrientationPortraitUpsideDown UIInterfaceOrientationLandscapeLeft UIInterfaceOrientationLandscapeRight";
				INFOPLIST_KEY_UISupportedInterfaceOrientations_iPhone = "UIInterfaceOrientationPortrait UIInterfaceOrientationLandscapeLeft UIInterfaceOrientationLandscapeRight";
				LD_RUNPATH_SEARCH_PATHS = (
					"$(inherited)",
					"@executable_path/Frameworks",
				);
				MARKETING_VERSION = 1.0;
				PRODUCT_BUNDLE_IDENTIFIER = com.mycompany.ImgViewer;
				PRODUCT_NAME = "$(TARGET_NAME)";
				SWIFT_EMIT_LOC_STRINGS = YES;
				SWIFT_VERSION = 5.0;
				TARGETED_DEVICE_FAMILY = "1,2";
			};
			name = Debug;
		};
		1FEC462A2DC38BB80075B7D5 /* Release */ = {
			isa = XCBuildConfiguration;
			buildSettings = {
				ASSETCATALOG_COMPILER_APPICON_NAME = AppIcon;
				ASSETCATALOG_COMPILER_GLOBAL_ACCENT_COLOR_NAME = AccentColor;
				CODE_SIGN_STYLE = Automatic;
				CURRENT_PROJECT_VERSION = 1;
				GENERATE_INFOPLIST_FILE = YES;
				INFOPLIST_FILE = ImgViewer/Info.plist;
				INFOPLIST_KEY_UIApplicationSupportsIndirectInputEvents = YES;
				INFOPLIST_KEY_UILaunchStoryboardName = LaunchScreen;
				INFOPLIST_KEY_UIMainStoryboardFile = Main;
				INFOPLIST_KEY_UISupportedInterfaceOrientations_iPad = "UIInterfaceOrientationPortrait UIInterfaceOrientationPortraitUpsideDown UIInterfaceOrientationLandscapeLeft UIInterfaceOrientationLandscapeRight";
				INFOPLIST_KEY_UISupportedInterfaceOrientations_iPhone = "UIInterfaceOrientationPortrait UIInterfaceOrientationLandscapeLeft UIInterfaceOrientationLandscapeRight";
				LD_RUNPATH_SEARCH_PATHS = (
					"$(inherited)",
					"@executable_path/Frameworks",
				);
				MARKETING_VERSION = 1.0;
				PRODUCT_BUNDLE_IDENTIFIER = com.mycompany.ImgViewer;
				PRODUCT_NAME = "$(TARGET_NAME)";
				SWIFT_EMIT_LOC_STRINGS = YES;
				SWIFT_VERSION = 5.0;
				TARGETED_DEVICE_FAMILY = "1,2";
			};
			name = Release;
		};
		1FEC462B2DC38BB80075B7D5 /* Debug */ = {
			isa = XCBuildConfiguration;
			buildSettings = {
				ALWAYS_SEARCH_USER_PATHS = NO;
				ASSETCATALOG_COMPILER_GENERATE_SWIFT_ASSET_SYMBOL_EXTENSIONS = YES;
				CLANG_ANALYZER_NONNULL = YES;
				CLANG_ANALYZER_NUMBER_OBJECT_CONVERSION = YES_AGGRESSIVE;
				CLANG_CXX_LANGUAGE_STANDARD = "gnu++20";
				CLANG_ENABLE_MODULES = YES;
				CLANG_ENABLE_OBJC_ARC = YES;
				CLANG_ENABLE_OBJC_WEAK = YES;
				CLANG_WARN_BLOCK_CAPTURE_AUTORELEASING = YES;
				CLANG_WARN_BOOL_CONVERSION = YES;
				CLANG_WARN_COMMA = YES;
				CLANG_WARN_CONSTANT_CONVERSION = YES;
				CLANG_WARN_DEPRECATED_OBJC_IMPLEMENTATIONS = YES;
				CLANG_WARN_DIRECT_OBJC_ISA_USAGE = YES_ERROR;
				CLANG_WARN_DOCUMENTATION_COMMENTS = YES;
				CLANG_WARN_EMPTY_BODY = YES;
				CLANG_WARN_ENUM_CONVERSION = YES;
				CLANG_WARN_INFINITE_RECURSION = YES;
				CLANG_WARN_INT_CONVERSION = YES;
				CLANG_WARN_NON_LITERAL_NULL_CONVERSION = YES;
				CLANG_WARN_OBJC_IMPLICIT_RETAIN_SELF = YES;
				CLANG_WARN_OBJC_LITERAL_CONVERSION = YES;
				CLANG_WARN_OBJC_ROOT_CLASS = YES_ERROR;
				CLANG_WARN_QUOTED_INCLUDE_IN_FRAMEWORK_HEADER = YES;
				CLANG_WARN_RANGE_LOOP_ANALYSIS = YES;
				CLANG_WARN_STRICT_PROTOTYPES = YES;
				CLANG_WARN_SUSPICIOUS_MOVE = YES;
				CLANG_WARN_UNGUARDED_AVAILABILITY = YES_AGGRESSIVE;
				CLANG_WARN_UNREACHABLE_CODE = YES;
				CLANG_WARN__DUPLICATE_METHOD_MATCH = YES;
				COPY_PHASE_STRIP = NO;
				DEBUG_INFORMATION_FORMAT = dwarf;
				ENABLE_STRICT_OBJC_MSGSEND = YES;
				ENABLE_TESTABILITY = YES;
				ENABLE_USER_SCRIPT_SANDBOXING = YES;
				GCC_C_LANGUAGE_STANDARD = gnu17;
				GCC_DYNAMIC_NO_PIC = NO;
				GCC_NO_COMMON_BLOCKS = YES;
				GCC_OPTIMIZATION_LEVEL = 0;
				GCC_PREPROCESSOR_DEFINITIONS = (
					"DEBUG=1",
					"$(inherited)",
				);
				GCC_WARN_64_TO_32_BIT_CONVERSION = YES;
				GCC_WARN_ABOUT_RETURN_TYPE = YES_ERROR;
				GCC_WARN_UNDECLARED_SELECTOR = YES;
				GCC_WARN_UNINITIALIZED_AUTOS = YES_AGGRESSIVE;
				GCC_WARN_UNUSED_FUNCTION = YES;
				GCC_WARN_UNUSED_VARIABLE = YES;
				IPHONEOS_DEPLOYMENT_TARGET = 18.4;
				LOCALIZATION_PREFERS_STRING_CATALOGS = YES;
				MTL_ENABLE_DEBUG_INFO = INCLUDE_SOURCE;
				MTL_FAST_MATH = YES;
				ONLY_ACTIVE_ARCH = YES;
				SDKROOT = iphoneos;
				SWIFT_ACTIVE_COMPILATION_CONDITIONS = "DEBUG $(inherited)";
				SWIFT_OPTIMIZATION_LEVEL = "-Onone";
			};
			name = Debug;
		};
		1FEC462C2DC38BB80075B7D5 /* Release */ = {
			isa = XCBuildConfiguration;
			buildSettings = {
				ALWAYS_SEARCH_USER_PATHS = NO;
				ASSETCATALOG_COMPILER_GENERATE_SWIFT_ASSET_SYMBOL_EXTENSIONS = YES;
				CLANG_ANALYZER_NONNULL = YES;
				CLANG_ANALYZER_NUMBER_OBJECT_CONVERSION = YES_AGGRESSIVE;
				CLANG_CXX_LANGUAGE_STANDARD = "gnu++20";
				CLANG_ENABLE_MODULES = YES;
				CLANG_ENABLE_OBJC_ARC = YES;
				CLANG_ENABLE_OBJC_WEAK = YES;
				CLANG_WARN_BLOCK_CAPTURE_AUTORELEASING = YES;
				CLANG_WARN_BOOL_CONVERSION = YES;
				CLANG_WARN_COMMA = YES;
				CLANG_WARN_CONSTANT_CONVERSION = YES;
				CLANG_WARN_DEPRECATED_OBJC_IMPLEMENTATIONS = YES;
				CLANG_WARN_DIRECT_OBJC_ISA_USAGE = YES_ERROR;
				CLANG_WARN_DOCUMENTATION_COMMENTS = YES;
				CLANG_WARN_EMPTY_BODY = YES;
				CLANG_WARN_ENUM_CONVERSION = YES;
				CLANG_WARN_INFINITE_RECURSION = YES;
				CLANG_WARN_INT_CONVERSION = YES;
				CLANG_WARN_NON_LITERAL_NULL_CONVERSION = YES;
				CLANG_WARN_OBJC_IMPLICIT_RETAIN_SELF = YES;
				CLANG_WARN_OBJC_LITERAL_CONVERSION = YES;
				CLANG_WARN_OBJC_ROOT_CLASS = YES_ERROR;
				CLANG_WARN_QUOTED_INCLUDE_IN_FRAMEWORK_HEADER = YES;
				CLANG_WARN_RANGE_LOOP_ANALYSIS = YES;
				CLANG_WARN_STRICT_PROTOTYPES = YES;
				CLANG_WARN_SUSPICIOUS_MOVE = YES;
				CLANG_WARN_UNGUARDED_AVAILABILITY = YES_AGGRESSIVE;
				CLANG_WARN_UNREACHABLE_CODE = YES;
				CLANG_WARN__DUPLICATE_METHOD_MATCH = YES;
				COPY_PHASE_STRIP = NO;
				DEBUG_INFORMATION_FORMAT = "dwarf-with-dsym";
				ENABLE_NS_ASSERTIONS = NO;
				ENABLE_STRICT_OBJC_MSGSEND = YES;
				ENABLE_USER_SCRIPT_SANDBOXING = YES;
				GCC_C_LANGUAGE_STANDARD = gnu17;
				GCC_NO_COMMON_BLOCKS = YES;
				GCC_WARN_64_TO_32_BIT_CONVERSION = YES;
				GCC_WARN_ABOUT_RETURN_TYPE = YES_ERROR;
				GCC_WARN_UNDECLARED_SELECTOR = YES;
				GCC_WARN_UNINITIALIZED_AUTOS = YES_AGGRESSIVE;
				GCC_WARN_UNUSED_FUNCTION = YES;
				GCC_WARN_UNUSED_VARIABLE = YES;
				IPHONEOS_DEPLOYMENT_TARGET = 18.4;
				LOCALIZATION_PREFERS_STRING_CATALOGS = YES;
				MTL_ENABLE_DEBUG_INFO = NO;
				MTL_FAST_MATH = YES;
				SDKROOT = iphoneos;
				SWIFT_COMPILATION_MODE = wholemodule;
				VALIDATE_PRODUCT = YES;
			};
			name = Release;
		};
		1FEC462E2DC38BB80075B7D5 /* Debug */ = {
			isa = XCBuildConfiguration;
			buildSettings = {
				BUNDLE_LOADER = "$(TEST_HOST)";
				CODE_SIGN_STYLE = Automatic;
				CURRENT_PROJECT_VERSION = 1;
				GENERATE_INFOPLIST_FILE = YES;
				IPHONEOS_DEPLOYMENT_TARGET = 18.4;
				MARKETING_VERSION = 1.0;
				PRODUCT_BUNDLE_IDENTIFIER = com.mycompany.ImgViewerTests;
				PRODUCT_NAME = "$(TARGET_NAME)";
				SWIFT_EMIT_LOC_STRINGS = NO;
				SWIFT_VERSION = 5.0;
				TARGETED_DEVICE_FAMILY = "1,2";
				TEST_HOST = "$(BUILT_PRODUCTS_DIR)/ImgViewer.app/$(BUNDLE_EXECUTABLE_FOLDER_PATH)/ImgViewer";
			};
			name = Debug;
		};
		1FEC462F2DC38BB80075B7D5 /* Release */ = {
			isa = XCBuildConfiguration;
			buildSettings = {
				BUNDLE_LOADER = "$(TEST_HOST)";
				CODE_SIGN_STYLE = Automatic;
				CURRENT_PROJECT_VERSION = 1;
				GENERATE_INFOPLIST_FILE = YES;
				IPHONEOS_DEPLOYMENT_TARGET = 18.4;
				MARKETING_VERSION = 1.0;
				PRODUCT_BUNDLE_IDENTIFIER = com.mycompany.ImgViewerTests;
				PRODUCT_NAME = "$(TARGET_NAME)";
				SWIFT_EMIT_LOC_STRINGS = NO;
				SWIFT_VERSION = 5.0;
				TARGETED_DEVICE_FAMILY = "1,2";
				TEST_HOST = "$(BUILT_PRODUCTS_DIR)/ImgViewer.app/$(BUNDLE_EXECUTABLE_FOLDER_PATH)/ImgViewer";
			};
			name = Release;
		};
		1FEC46312DC38BB80075B7D5 /* Debug */ = {
			isa = XCBuildConfiguration;
			buildSettings = {
				CODE_SIGN_STYLE = Automatic;
				CURRENT_PROJECT_VERSION = 1;
				GENERATE_INFOPLIST_FILE = YES;
				MARKETING_VERSION = 1.0;
				PRODUCT_BUNDLE_IDENTIFIER = com.mycompany.ImgViewerUITests;
				PRODUCT_NAME = "$(TARGET_NAME)";
				SWIFT_EMIT_LOC_STRINGS = NO;
				SWIFT_VERSION = 5.0;
				TARGETED_DEVICE_FAMILY = "1,2";
				TEST_TARGET_NAME = ImgViewer;
			};
			name = Debug;
		};
		1FEC46322DC38BB80075B7D5 /* Release */ = {
			isa = XCBuildConfiguration;
			buildSettings = {
				CODE_SIGN_STYLE = Automatic;
				CURRENT_PROJECT_VERSION = 1;
				GENERATE_INFOPLIST_FILE = YES;
				MARKETING_VERSION = 1.0;
				PRODUCT_BUNDLE_IDENTIFIER = com.mycompany.ImgViewerUITests;
				PRODUCT_NAME = "$(TARGET_NAME)";
				SWIFT_EMIT_LOC_STRINGS = NO;
				SWIFT_VERSION = 5.0;
				TARGETED_DEVICE_FAMILY = "1,2";
				TEST_TARGET_NAME = ImgViewer;
			};
			name = Release;
		};
/* End XCBuildConfiguration section */

/* Begin XCConfigurationList section */
		1FEC45FA2DC38BB60075B7D5 /* Build configuration list for PBXProject "ImgViewer" */ = {
			isa = XCConfigurationList;
			buildConfigurations = (
				1FEC462B2DC38BB80075B7D5 /* Debug */,
				1FEC462C2DC38BB80075B7D5 /* Release */,
			);
			defaultConfigurationIsVisible = 0;
			defaultConfigurationName = Release;
		};
		1FEC46282DC38BB80075B7D5 /* Build configuration list for PBXNativeTarget "ImgViewer" */ = {
			isa = XCConfigurationList;
			buildConfigurations = (
				1FEC46292DC38BB80075B7D5 /* Debug */,
				1FEC462A2DC38BB80075B7D5 /* Release */,
			);
			defaultConfigurationIsVisible = 0;
			defaultConfigurationName = Release;
		};
		1FEC462D2DC38BB80075B7D5 /* Build configuration list for PBXNativeTarget "ImgViewerTests" */ = {
			isa = XCConfigurationList;
			buildConfigurations = (
				1FEC462E2DC38BB80075B7D5 /* Debug */,
				1FEC462F2DC38BB80075B7D5 /* Release */,
			);
			defaultConfigurationIsVisible = 0;
			defaultConfigurationName = Release;
		};
		1FEC46302DC38BB80075B7D5 /* Build configuration list for PBXNativeTarget "ImgViewerUITests" */ = {
			isa = XCConfigurationList;
			buildConfigurations = (
				1FEC46312DC38BB80075B7D5 /* Debug */,
				1FEC46322DC38BB80075B7D5 /* Release */,
			);
			defaultConfigurationIsVisible = 0;
			defaultConfigurationName = Release;
		};
/* End XCConfigurationList section */
	};
	rootObject = 1FEC45F72DC38BB60075B7D5 /* Project object */;
}
