// !$*UTF8*$!
{
	archiveVersion = 1;
	classes = {
	};
	objectVersion = 77;
	objects = {

/* Begin PBXBuildFile section */
		1F86A7852DE72C7C003396E5 /* KakaoSDK in Frameworks */ = {isa = PBXBuildFile; productRef = 1F86A7842DE72C7C003396E5 /* KakaoSDK */; };
		1F86A7872DE72C7C003396E5 /* KakaoSDKAuth in Frameworks */ = {isa = PBXBuildFile; productRef = 1F86A7862DE72C7C003396E5 /* KakaoSDKAuth */; };
		1F86A7892DE72C7C003396E5 /* KakaoSDKCert in Frameworks */ = {isa = PBXBuildFile; productRef = 1F86A7882DE72C7C003396E5 /* KakaoSDKCert */; };
		1F86A78B2DE72C7C003396E5 /* KakaoSDKCertCore in Frameworks */ = {isa = PBXBuildFile; productRef = 1F86A78A2DE72C7C003396E5 /* KakaoSDKCertCore */; };
		1F86A78D2DE72C7C003396E5 /* KakaoSDKCommon in Frameworks */ = {isa = PBXBuildFile; productRef = 1F86A78C2DE72C7C003396E5 /* KakaoSDKCommon */; };
		1F86A78F2DE72C7C003396E5 /* KakaoSDKFriend in Frameworks */ = {isa = PBXBuildFile; productRef = 1F86A78E2DE72C7C003396E5 /* KakaoSDKFriend */; };
		1F86A7912DE72C7C003396E5 /* KakaoSDKFriendCore in Frameworks */ = {isa = PBXBuildFile; productRef = 1F86A7902DE72C7C003396E5 /* KakaoSDKFriendCore */; };
		1F86A7932DE72C7C003396E5 /* KakaoSDKNavi in Frameworks */ = {isa = PBXBuildFile; productRef = 1F86A7922DE72C7C003396E5 /* KakaoSDKNavi */; };
		1F86A7952DE72C7C003396E5 /* KakaoSDKShare in Frameworks */ = {isa = PBXBuildFile; productRef = 1F86A7942DE72C7C003396E5 /* KakaoSDKShare */; };
		1F86A7972DE72C7C003396E5 /* KakaoSDKTalk in Frameworks */ = {isa = PBXBuildFile; productRef = 1F86A7962DE72C7C003396E5 /* KakaoSDKTalk */; };
		1F86A7992DE72C7C003396E5 /* KakaoSDKTemplate in Frameworks */ = {isa = PBXBuildFile; productRef = 1F86A7982DE72C7C003396E5 /* KakaoSDKTemplate */; };
		1F86A79B2DE72C7C003396E5 /* KakaoSDKUser in Frameworks */ = {isa = PBXBuildFile; productRef = 1F86A79A2DE72C7C003396E5 /* KakaoSDKUser */; };
		1F86A79D2DE72D19003396E5 /* FirebaseAppDistribution-Beta in Frameworks */ = {isa = PBXBuildFile; productRef = 1F86A79C2DE72D19003396E5 /* FirebaseAppDistribution-Beta */; };
		1F86A79F2DE72D19003396E5 /* FirebaseAuth in Frameworks */ = {isa = PBXBuildFile; productRef = 1F86A79E2DE72D19003396E5 /* FirebaseAuth */; };
		1F86A7A12DE72D19003396E5 /* FirebaseAuthCombine-Community in Frameworks */ = {isa = PBXBuildFile; productRef = 1F86A7A02DE72D19003396E5 /* FirebaseAuthCombine-Community */; };
		1F86A7A32DE72D19003396E5 /* FirebaseCore in Frameworks */ = {isa = PBXBuildFile; productRef = 1F86A7A22DE72D19003396E5 /* FirebaseCore */; };
		1F86A7A52DE72D19003396E5 /* FirebaseCrashlytics in Frameworks */ = {isa = PBXBuildFile; productRef = 1F86A7A42DE72D19003396E5 /* FirebaseCrashlytics */; };
		1F86A7A72DE72D19003396E5 /* FirebaseDatabase in Frameworks */ = {isa = PBXBuildFile; productRef = 1F86A7A62DE72D19003396E5 /* FirebaseDatabase */; };
		1F86A7A92DE72D19003396E5 /* FirebaseDynamicLinks in Frameworks */ = {isa = PBXBuildFile; productRef = 1F86A7A82DE72D19003396E5 /* FirebaseDynamicLinks */; };
		1F86A7AB2DE72D19003396E5 /* FirebaseFirestore in Frameworks */ = {isa = PBXBuildFile; productRef = 1F86A7AA2DE72D19003396E5 /* FirebaseFirestore */; };
		1F86A7AD2DE72D19003396E5 /* FirebaseFirestoreCombine-Community in Frameworks */ = {isa = PBXBuildFile; productRef = 1F86A7AC2DE72D19003396E5 /* FirebaseFirestoreCombine-Community */; };
		1F86A7AF2DE72D19003396E5 /* FirebaseFunctions in Frameworks */ = {isa = PBXBuildFile; productRef = 1F86A7AE2DE72D19003396E5 /* FirebaseFunctions */; };
		1F86A7B12DE72D19003396E5 /* FirebaseFunctionsCombine-Community in Frameworks */ = {isa = PBXBuildFile; productRef = 1F86A7B02DE72D19003396E5 /* FirebaseFunctionsCombine-Community */; };
		1F86A7B32DE72D19003396E5 /* FirebaseInAppMessaging-Beta in Frameworks */ = {isa = PBXBuildFile; productRef = 1F86A7B22DE72D19003396E5 /* FirebaseInAppMessaging-Beta */; };
		1F86A7B52DE72D19003396E5 /* FirebaseInstallations in Frameworks */ = {isa = PBXBuildFile; productRef = 1F86A7B42DE72D19003396E5 /* FirebaseInstallations */; };
		1F86A7B72DE72D19003396E5 /* FirebaseMLModelDownloader in Frameworks */ = {isa = PBXBuildFile; productRef = 1F86A7B62DE72D19003396E5 /* FirebaseMLModelDownloader */; };
		1F86A7B92DE72D19003396E5 /* FirebaseMessaging in Frameworks */ = {isa = PBXBuildFile; productRef = 1F86A7B82DE72D19003396E5 /* FirebaseMessaging */; };
		1F86A7BB2DE72D19003396E5 /* FirebasePerformance in Frameworks */ = {isa = PBXBuildFile; productRef = 1F86A7BA2DE72D19003396E5 /* FirebasePerformance */; };
		1F86A7BD2DE72D19003396E5 /* FirebaseRemoteConfig in Frameworks */ = {isa = PBXBuildFile; productRef = 1F86A7BC2DE72D19003396E5 /* FirebaseRemoteConfig */; };
		1F86A7BF2DE72D19003396E5 /* FirebaseStorage in Frameworks */ = {isa = PBXBuildFile; productRef = 1F86A7BE2DE72D19003396E5 /* FirebaseStorage */; };
		1F86A7C12DE72D19003396E5 /* FirebaseStorageCombine-Community in Frameworks */ = {isa = PBXBuildFile; productRef = 1F86A7C02DE72D19003396E5 /* FirebaseStorageCombine-Community */; };
		1F86A7C32DE72D19003396E5 /* FirebaseVertexAI in Frameworks */ = {isa = PBXBuildFile; productRef = 1F86A7C22DE72D19003396E5 /* FirebaseVertexAI */; };
		57C96AF82DE6F9940047B45C /* FirebaseAI in Frameworks */ = {isa = PBXBuildFile; productRef = 57C96AF72DE6F9940047B45C /* FirebaseAI */; };
		57C96AFA2DE6F9940047B45C /* FirebaseAnalytics in Frameworks */ = {isa = PBXBuildFile; productRef = 57C96AF92DE6F9940047B45C /* FirebaseAnalytics */; };
		57C96AFC2DE6F9940047B45C /* FirebaseAnalyticsOnDeviceConversion in Frameworks */ = {isa = PBXBuildFile; productRef = 57C96AFB2DE6F9940047B45C /* FirebaseAnalyticsOnDeviceConversion */; };
		57C96AFE2DE6F9940047B45C /* FirebaseAnalyticsWithoutAdIdSupport in Frameworks */ = {isa = PBXBuildFile; productRef = 57C96AFD2DE6F9940047B45C /* FirebaseAnalyticsWithoutAdIdSupport */; };
		57C96B002DE6F9940047B45C /* FirebaseAppCheck in Frameworks */ = {isa = PBXBuildFile; productRef = 57C96AFF2DE6F9940047B45C /* FirebaseAppCheck */; };
		57C96B022DE6F9B10047B45C /* NaverThirdPartyLogin in Frameworks */ = {isa = PBXBuildFile; productRef = 57C96B012DE6F9B10047B45C /* NaverThirdPartyLogin */; };
/* End PBXBuildFile section */

/* Begin PBXContainerItemProxy section */
		1F756F6F2DE5755A000A94D9 /* PBXContainerItemProxy */ = {
			isa = PBXContainerItemProxy;
			containerPortal = 1F756F502DE57559000A94D9 /* Project object */;
			proxyType = 1;
			remoteGlobalIDString = 1F756F572DE57559000A94D9;
			remoteInfo = Login_Navigation;
		};
		1F756F792DE5755A000A94D9 /* PBXContainerItemProxy */ = {
			isa = PBXContainerItemProxy;
			containerPortal = 1F756F502DE57559000A94D9 /* Project object */;
			proxyType = 1;
			remoteGlobalIDString = 1F756F572DE57559000A94D9;
			remoteInfo = Login_Navigation;
		};
/* End PBXContainerItemProxy section */

/* Begin PBXFileReference section */
		1F756F582DE57559000A94D9 /* Login_Navigation.app */ = {isa = PBXFileReference; explicitFileType = wrapper.application; includeInIndex = 0; path = Login_Navigation.app; sourceTree = BUILT_PRODUCTS_DIR; };
		1F756F6E2DE5755A000A94D9 /* Login_NavigationTests.xctest */ = {isa = PBXFileReference; explicitFileType = wrapper.cfbundle; includeInIndex = 0; path = Login_NavigationTests.xctest; sourceTree = BUILT_PRODUCTS_DIR; };
		1F756F782DE5755A000A94D9 /* Login_NavigationUITests.xctest */ = {isa = PBXFileReference; explicitFileType = wrapper.cfbundle; includeInIndex = 0; path = Login_NavigationUITests.xctest; sourceTree = BUILT_PRODUCTS_DIR; };
/* End PBXFileReference section */

/* Begin PBXFileSystemSynchronizedBuildFileExceptionSet section */
		1F756F802DE5755A000A94D9 /* Exceptions for "Login_Navigation" folder in "Login_Navigation" target */ = {
			isa = PBXFileSystemSynchronizedBuildFileExceptionSet;
			membershipExceptions = (
				Info.plist,
			);
			target = 1F756F572DE57559000A94D9 /* Login_Navigation */;
		};
/* End PBXFileSystemSynchronizedBuildFileExceptionSet section */

/* Begin PBXFileSystemSynchronizedRootGroup section */
		1F756F5A2DE57559000A94D9 /* Login_Navigation */ = {
			isa = PBXFileSystemSynchronizedRootGroup;
			exceptions = (
				1F756F802DE5755A000A94D9 /* Exceptions for "Login_Navigation" folder in "Login_Navigation" target */,
			);
			path = Login_Navigation;
			sourceTree = "<group>";
		};
		1F756F712DE5755A000A94D9 /* Login_NavigationTests */ = {
			isa = PBXFileSystemSynchronizedRootGroup;
			path = Login_NavigationTests;
			sourceTree = "<group>";
		};
		1F756F7B2DE5755A000A94D9 /* Login_NavigationUITests */ = {
			isa = PBXFileSystemSynchronizedRootGroup;
			path = Login_NavigationUITests;
			sourceTree = "<group>";
		};
/* End PBXFileSystemSynchronizedRootGroup section */

/* Begin PBXFrameworksBuildPhase section */
		1F756F552DE57559000A94D9 /* Frameworks */ = {
			isa = PBXFrameworksBuildPhase;
			buildActionMask = 2147483647;
			files = (
				1F86A7892DE72C7C003396E5 /* KakaoSDKCert in Frameworks */,
				1F86A7AB2DE72D19003396E5 /* FirebaseFirestore in Frameworks */,
				1F86A7B52DE72D19003396E5 /* FirebaseInstallations in Frameworks */,
				1F86A7972DE72C7C003396E5 /* KakaoSDKTalk in Frameworks */,
				1F86A7AD2DE72D19003396E5 /* FirebaseFirestoreCombine-Community in Frameworks */,
				1F86A7A32DE72D19003396E5 /* FirebaseCore in Frameworks */,
				1F86A78D2DE72C7C003396E5 /* KakaoSDKCommon in Frameworks */,
				1F86A7952DE72C7C003396E5 /* KakaoSDKShare in Frameworks */,
				57C96AFA2DE6F9940047B45C /* FirebaseAnalytics in Frameworks */,
				1F86A7B92DE72D19003396E5 /* FirebaseMessaging in Frameworks */,
				1F86A7A72DE72D19003396E5 /* FirebaseDatabase in Frameworks */,
				1F86A7C32DE72D19003396E5 /* FirebaseVertexAI in Frameworks */,
				1F86A78B2DE72C7C003396E5 /* KakaoSDKCertCore in Frameworks */,
				57C96AFC2DE6F9940047B45C /* FirebaseAnalyticsOnDeviceConversion in Frameworks */,
				57C96AF82DE6F9940047B45C /* FirebaseAI in Frameworks */,
				1F86A79B2DE72C7C003396E5 /* KakaoSDKUser in Frameworks */,
				1F86A7912DE72C7C003396E5 /* KakaoSDKFriendCore in Frameworks */,
				57C96B002DE6F9940047B45C /* FirebaseAppCheck in Frameworks */,
				1F86A7AF2DE72D19003396E5 /* FirebaseFunctions in Frameworks */,
				1F86A79F2DE72D19003396E5 /* FirebaseAuth in Frameworks */,
				57C96B022DE6F9B10047B45C /* NaverThirdPartyLogin in Frameworks */,
				1F86A7B72DE72D19003396E5 /* FirebaseMLModelDownloader in Frameworks */,
				1F86A79D2DE72D19003396E5 /* FirebaseAppDistribution-Beta in Frameworks */,
				57C96AFE2DE6F9940047B45C /* FirebaseAnalyticsWithoutAdIdSupport in Frameworks */,
				1F86A7C12DE72D19003396E5 /* FirebaseStorageCombine-Community in Frameworks */,
				1F86A7852DE72C7C003396E5 /* KakaoSDK in Frameworks */,
				1F86A7BD2DE72D19003396E5 /* FirebaseRemoteConfig in Frameworks */,
				1F86A7992DE72C7C003396E5 /* KakaoSDKTemplate in Frameworks */,
				1F86A7A92DE72D19003396E5 /* FirebaseDynamicLinks in Frameworks */,
				1F86A7BB2DE72D19003396E5 /* FirebasePerformance in Frameworks */,
				1F86A7A52DE72D19003396E5 /* FirebaseCrashlytics in Frameworks */,
				1F86A7BF2DE72D19003396E5 /* FirebaseStorage in Frameworks */,
				1F86A7932DE72C7C003396E5 /* KakaoSDKNavi in Frameworks */,
				1F86A7872DE72C7C003396E5 /* KakaoSDKAuth in Frameworks */,
				1F86A7B12DE72D19003396E5 /* FirebaseFunctionsCombine-Community in Frameworks */,
				1F86A7A12DE72D19003396E5 /* FirebaseAuthCombine-Community in Frameworks */,
				1F86A78F2DE72C7C003396E5 /* KakaoSDKFriend in Frameworks */,
				1F86A7B32DE72D19003396E5 /* FirebaseInAppMessaging-Beta in Frameworks */,
			);
			runOnlyForDeploymentPostprocessing = 0;
		};
		1F756F6B2DE5755A000A94D9 /* Frameworks */ = {
			isa = PBXFrameworksBuildPhase;
			buildActionMask = 2147483647;
			files = (
			);
			runOnlyForDeploymentPostprocessing = 0;
		};
		1F756F752DE5755A000A94D9 /* Frameworks */ = {
			isa = PBXFrameworksBuildPhase;
			buildActionMask = 2147483647;
			files = (
			);
			runOnlyForDeploymentPostprocessing = 0;
		};
/* End PBXFrameworksBuildPhase section */

/* Begin PBXGroup section */
		1F756F4F2DE57559000A94D9 = {
			isa = PBXGroup;
			children = (
				1F756F5A2DE57559000A94D9 /* Login_Navigation */,
				1F756F712DE5755A000A94D9 /* Login_NavigationTests */,
				1F756F7B2DE5755A000A94D9 /* Login_NavigationUITests */,
				1F756F592DE57559000A94D9 /* Products */,
			);
			sourceTree = "<group>";
		};
		1F756F592DE57559000A94D9 /* Products */ = {
			isa = PBXGroup;
			children = (
				1F756F582DE57559000A94D9 /* Login_Navigation.app */,
				1F756F6E2DE5755A000A94D9 /* Login_NavigationTests.xctest */,
				1F756F782DE5755A000A94D9 /* Login_NavigationUITests.xctest */,
			);
			name = Products;
			sourceTree = "<group>";
		};
/* End PBXGroup section */

/* Begin PBXNativeTarget section */
		1F756F572DE57559000A94D9 /* Login_Navigation */ = {
			isa = PBXNativeTarget;
			buildConfigurationList = 1F756F812DE5755A000A94D9 /* Build configuration list for PBXNativeTarget "Login_Navigation" */;
			buildPhases = (
				1F756F542DE57559000A94D9 /* Sources */,
				1F756F552DE57559000A94D9 /* Frameworks */,
				1F756F562DE57559000A94D9 /* Resources */,
			);
			buildRules = (
			);
			dependencies = (
			);
			fileSystemSynchronizedGroups = (
				1F756F5A2DE57559000A94D9 /* Login_Navigation */,
			);
			name = Login_Navigation;
			packageProductDependencies = (
				57C96AF72DE6F9940047B45C /* FirebaseAI */,
				57C96AF92DE6F9940047B45C /* FirebaseAnalytics */,
				57C96AFB2DE6F9940047B45C /* FirebaseAnalyticsOnDeviceConversion */,
				57C96AFD2DE6F9940047B45C /* FirebaseAnalyticsWithoutAdIdSupport */,
				57C96AFF2DE6F9940047B45C /* FirebaseAppCheck */,
				57C96B012DE6F9B10047B45C /* NaverThirdPartyLogin */,
				1F86A7842DE72C7C003396E5 /* KakaoSDK */,
				1F86A7862DE72C7C003396E5 /* KakaoSDKAuth */,
				1F86A7882DE72C7C003396E5 /* KakaoSDKCert */,
				1F86A78A2DE72C7C003396E5 /* KakaoSDKCertCore */,
				1F86A78C2DE72C7C003396E5 /* KakaoSDKCommon */,
				1F86A78E2DE72C7C003396E5 /* KakaoSDKFriend */,
				1F86A7902DE72C7C003396E5 /* KakaoSDKFriendCore */,
				1F86A7922DE72C7C003396E5 /* KakaoSDKNavi */,
				1F86A7942DE72C7C003396E5 /* KakaoSDKShare */,
				1F86A7962DE72C7C003396E5 /* KakaoSDKTalk */,
				1F86A7982DE72C7C003396E5 /* KakaoSDKTemplate */,
				1F86A79A2DE72C7C003396E5 /* KakaoSDKUser */,
				1F86A79C2DE72D19003396E5 /* FirebaseAppDistribution-Beta */,
				1F86A79E2DE72D19003396E5 /* FirebaseAuth */,
				1F86A7A02DE72D19003396E5 /* FirebaseAuthCombine-Community */,
				1F86A7A22DE72D19003396E5 /* FirebaseCore */,
				1F86A7A42DE72D19003396E5 /* FirebaseCrashlytics */,
				1F86A7A62DE72D19003396E5 /* FirebaseDatabase */,
				1F86A7A82DE72D19003396E5 /* FirebaseDynamicLinks */,
				1F86A7AA2DE72D19003396E5 /* FirebaseFirestore */,
				1F86A7AC2DE72D19003396E5 /* FirebaseFirestoreCombine-Community */,
				1F86A7AE2DE72D19003396E5 /* FirebaseFunctions */,
				1F86A7B02DE72D19003396E5 /* FirebaseFunctionsCombine-Community */,
				1F86A7B22DE72D19003396E5 /* FirebaseInAppMessaging-Beta */,
				1F86A7B42DE72D19003396E5 /* FirebaseInstallations */,
				1F86A7B62DE72D19003396E5 /* FirebaseMLModelDownloader */,
				1F86A7B82DE72D19003396E5 /* FirebaseMessaging */,
				1F86A7BA2DE72D19003396E5 /* FirebasePerformance */,
				1F86A7BC2DE72D19003396E5 /* FirebaseRemoteConfig */,
				1F86A7BE2DE72D19003396E5 /* FirebaseStorage */,
				1F86A7C02DE72D19003396E5 /* FirebaseStorageCombine-Community */,
				1F86A7C22DE72D19003396E5 /* FirebaseVertexAI */,
			);
			productName = Login_Navigation;
			productReference = 1F756F582DE57559000A94D9 /* Login_Navigation.app */;
			productType = "com.apple.product-type.application";
		};
		1F756F6D2DE5755A000A94D9 /* Login_NavigationTests */ = {
			isa = PBXNativeTarget;
			buildConfigurationList = 1F756F862DE5755A000A94D9 /* Build configuration list for PBXNativeTarget "Login_NavigationTests" */;
			buildPhases = (
				1F756F6A2DE5755A000A94D9 /* Sources */,
				1F756F6B2DE5755A000A94D9 /* Frameworks */,
				1F756F6C2DE5755A000A94D9 /* Resources */,
			);
			buildRules = (
			);
			dependencies = (
				1F756F702DE5755A000A94D9 /* PBXTargetDependency */,
			);
			fileSystemSynchronizedGroups = (
				1F756F712DE5755A000A94D9 /* Login_NavigationTests */,
			);
			name = Login_NavigationTests;
			packageProductDependencies = (
			);
			productName = Login_NavigationTests;
			productReference = 1F756F6E2DE5755A000A94D9 /* Login_NavigationTests.xctest */;
			productType = "com.apple.product-type.bundle.unit-test";
		};
		1F756F772DE5755A000A94D9 /* Login_NavigationUITests */ = {
			isa = PBXNativeTarget;
			buildConfigurationList = 1F756F892DE5755A000A94D9 /* Build configuration list for PBXNativeTarget "Login_NavigationUITests" */;
			buildPhases = (
				1F756F742DE5755A000A94D9 /* Sources */,
				1F756F752DE5755A000A94D9 /* Frameworks */,
				1F756F762DE5755A000A94D9 /* Resources */,
			);
			buildRules = (
			);
			dependencies = (
				1F756F7A2DE5755A000A94D9 /* PBXTargetDependency */,
			);
			fileSystemSynchronizedGroups = (
				1F756F7B2DE5755A000A94D9 /* Login_NavigationUITests */,
			);
			name = Login_NavigationUITests;
			packageProductDependencies = (
			);
			productName = Login_NavigationUITests;
			productReference = 1F756F782DE5755A000A94D9 /* Login_NavigationUITests.xctest */;
			productType = "com.apple.product-type.bundle.ui-testing";
		};
/* End PBXNativeTarget section */

/* Begin PBXProject section */
		1F756F502DE57559000A94D9 /* Project object */ = {
			isa = PBXProject;
			attributes = {
				BuildIndependentTargetsInParallel = 1;
				LastSwiftUpdateCheck = 1630;
				LastUpgradeCheck = 1630;
				TargetAttributes = {
					1F756F572DE57559000A94D9 = {
						CreatedOnToolsVersion = 16.3;
					};
					1F756F6D2DE5755A000A94D9 = {
						CreatedOnToolsVersion = 16.3;
						TestTargetID = 1F756F572DE57559000A94D9;
					};
					1F756F772DE5755A000A94D9 = {
						CreatedOnToolsVersion = 16.3;
						TestTargetID = 1F756F572DE57559000A94D9;
					};
				};
			};
			buildConfigurationList = 1F756F532DE57559000A94D9 /* Build configuration list for PBXProject "Login_Navigation" */;
			developmentRegion = en;
			hasScannedForEncodings = 0;
			knownRegions = (
				en,
				Base,
			);
			mainGroup = 1F756F4F2DE57559000A94D9;
			minimizedProjectReferenceProxies = 1;
			packageReferences = (
				57C96AF52DE6F8C20047B45C /* XCRemoteSwiftPackageReference "naveridlogin-sdk-ios" */,
				57C96AF62DE6F9940047B45C /* XCRemoteSwiftPackageReference "firebase-ios-sdk" */,
				1F86A7832DE72C7C003396E5 /* XCRemoteSwiftPackageReference "kakao-ios-sdk" */,
			);
			preferredProjectObjectVersion = 77;
			productRefGroup = 1F756F592DE57559000A94D9 /* Products */;
			projectDirPath = "";
			projectRoot = "";
			targets = (
				1F756F572DE57559000A94D9 /* Login_Navigation */,
				1F756F6D2DE5755A000A94D9 /* Login_NavigationTests */,
				1F756F772DE5755A000A94D9 /* Login_NavigationUITests */,
			);
		};
/* End PBXProject section */

/* Begin PBXResourcesBuildPhase section */
		1F756F562DE57559000A94D9 /* Resources */ = {
			isa = PBXResourcesBuildPhase;
			buildActionMask = 2147483647;
			files = (
			);
			runOnlyForDeploymentPostprocessing = 0;
		};
		1F756F6C2DE5755A000A94D9 /* Resources */ = {
			isa = PBXResourcesBuildPhase;
			buildActionMask = 2147483647;
			files = (
			);
			runOnlyForDeploymentPostprocessing = 0;
		};
		1F756F762DE5755A000A94D9 /* Resources */ = {
			isa = PBXResourcesBuildPhase;
			buildActionMask = 2147483647;
			files = (
			);
			runOnlyForDeploymentPostprocessing = 0;
		};
/* End PBXResourcesBuildPhase section */

/* Begin PBXSourcesBuildPhase section */
		1F756F542DE57559000A94D9 /* Sources */ = {
			isa = PBXSourcesBuildPhase;
			buildActionMask = 2147483647;
			files = (
			);
			runOnlyForDeploymentPostprocessing = 0;
		};
		1F756F6A2DE5755A000A94D9 /* Sources */ = {
			isa = PBXSourcesBuildPhase;
			buildActionMask = 2147483647;
			files = (
			);
			runOnlyForDeploymentPostprocessing = 0;
		};
		1F756F742DE5755A000A94D9 /* Sources */ = {
			isa = PBXSourcesBuildPhase;
			buildActionMask = 2147483647;
			files = (
			);
			runOnlyForDeploymentPostprocessing = 0;
		};
/* End PBXSourcesBuildPhase section */

/* Begin PBXTargetDependency section */
		1F756F702DE5755A000A94D9 /* PBXTargetDependency */ = {
			isa = PBXTargetDependency;
			target = 1F756F572DE57559000A94D9 /* Login_Navigation */;
			targetProxy = 1F756F6F2DE5755A000A94D9 /* PBXContainerItemProxy */;
		};
		1F756F7A2DE5755A000A94D9 /* PBXTargetDependency */ = {
			isa = PBXTargetDependency;
			target = 1F756F572DE57559000A94D9 /* Login_Navigation */;
			targetProxy = 1F756F792DE5755A000A94D9 /* PBXContainerItemProxy */;
		};
/* End PBXTargetDependency section */

/* Begin XCBuildConfiguration section */
		1F756F822DE5755A000A94D9 /* Debug */ = {
			isa = XCBuildConfiguration;
			buildSettings = {
				ASSETCATALOG_COMPILER_APPICON_NAME = AppIcon;
				ASSETCATALOG_COMPILER_GLOBAL_ACCENT_COLOR_NAME = AccentColor;
				CODE_SIGN_STYLE = Automatic;
				CURRENT_PROJECT_VERSION = 1;
				GENERATE_INFOPLIST_FILE = YES;
				INFOPLIST_FILE = Login_Navigation/Info.plist;
				INFOPLIST_KEY_UIApplicationSupportsIndirectInputEvents = YES;
				INFOPLIST_KEY_UILaunchStoryboardName = LaunchScreen;
				INFOPLIST_KEY_UIMainStoryboardFile = Main;
				INFOPLIST_KEY_UISupportedInterfaceOrientations_iPad = "UIInterfaceOrientationPortrait UIInterfaceOrientationPortraitUpsideDown UIInterfaceOrientationLandscapeLeft UIInterfaceOrientationLandscapeRight";
				INFOPLIST_KEY_UISupportedInterfaceOrientations_iPhone = "UIInterfaceOrientationPortrait UIInterfaceOrientationLandscapeLeft UIInterfaceOrientationLandscapeRight";
				LD_RUNPATH_SEARCH_PATHS = (
					"$(inherited)",
					"@executable_path/Frameworks",
				);
				MARKETING_VERSION = 1.0;
				PRODUCT_BUNDLE_IDENTIFIER = "com.mycompany.Login-Navigation";
				PRODUCT_NAME = "$(TARGET_NAME)";
				SWIFT_EMIT_LOC_STRINGS = YES;
				SWIFT_VERSION = 5.0;
				TARGETED_DEVICE_FAMILY = "1,2";
			};
			name = Debug;
		};
		1F756F832DE5755A000A94D9 /* Release */ = {
			isa = XCBuildConfiguration;
			buildSettings = {
				ASSETCATALOG_COMPILER_APPICON_NAME = AppIcon;
				ASSETCATALOG_COMPILER_GLOBAL_ACCENT_COLOR_NAME = AccentColor;
				CODE_SIGN_STYLE = Automatic;
				CURRENT_PROJECT_VERSION = 1;
				GENERATE_INFOPLIST_FILE = YES;
				INFOPLIST_FILE = Login_Navigation/Info.plist;
				INFOPLIST_KEY_UIApplicationSupportsIndirectInputEvents = YES;
				INFOPLIST_KEY_UILaunchStoryboardName = LaunchScreen;
				INFOPLIST_KEY_UIMainStoryboardFile = Main;
				INFOPLIST_KEY_UISupportedInterfaceOrientations_iPad = "UIInterfaceOrientationPortrait UIInterfaceOrientationPortraitUpsideDown UIInterfaceOrientationLandscapeLeft UIInterfaceOrientationLandscapeRight";
				INFOPLIST_KEY_UISupportedInterfaceOrientations_iPhone = "UIInterfaceOrientationPortrait UIInterfaceOrientationLandscapeLeft UIInterfaceOrientationLandscapeRight";
				LD_RUNPATH_SEARCH_PATHS = (
					"$(inherited)",
					"@executable_path/Frameworks",
				);
				MARKETING_VERSION = 1.0;
				PRODUCT_BUNDLE_IDENTIFIER = "com.mycompany.Login-Navigation";
				PRODUCT_NAME = "$(TARGET_NAME)";
				SWIFT_EMIT_LOC_STRINGS = YES;
				SWIFT_VERSION = 5.0;
				TARGETED_DEVICE_FAMILY = "1,2";
			};
			name = Release;
		};
		1F756F842DE5755A000A94D9 /* Debug */ = {
			isa = XCBuildConfiguration;
			buildSettings = {
				ALWAYS_SEARCH_USER_PATHS = NO;
				ASSETCATALOG_COMPILER_GENERATE_SWIFT_ASSET_SYMBOL_EXTENSIONS = YES;
				CLANG_ANALYZER_NONNULL = YES;
				CLANG_ANALYZER_NUMBER_OBJECT_CONVERSION = YES_AGGRESSIVE;
				CLANG_CXX_LANGUAGE_STANDARD = "gnu++20";
				CLANG_ENABLE_MODULES = YES;
				CLANG_ENABLE_OBJC_ARC = YES;
				CLANG_ENABLE_OBJC_WEAK = YES;
				CLANG_WARN_BLOCK_CAPTURE_AUTORELEASING = YES;
				CLANG_WARN_BOOL_CONVERSION = YES;
				CLANG_WARN_COMMA = YES;
				CLANG_WARN_CONSTANT_CONVERSION = YES;
				CLANG_WARN_DEPRECATED_OBJC_IMPLEMENTATIONS = YES;
				CLANG_WARN_DIRECT_OBJC_ISA_USAGE = YES_ERROR;
				CLANG_WARN_DOCUMENTATION_COMMENTS = YES;
				CLANG_WARN_EMPTY_BODY = YES;
				CLANG_WARN_ENUM_CONVERSION = YES;
				CLANG_WARN_INFINITE_RECURSION = YES;
				CLANG_WARN_INT_CONVERSION = YES;
				CLANG_WARN_NON_LITERAL_NULL_CONVERSION = YES;
				CLANG_WARN_OBJC_IMPLICIT_RETAIN_SELF = YES;
				CLANG_WARN_OBJC_LITERAL_CONVERSION = YES;
				CLANG_WARN_OBJC_ROOT_CLASS = YES_ERROR;
				CLANG_WARN_QUOTED_INCLUDE_IN_FRAMEWORK_HEADER = YES;
				CLANG_WARN_RANGE_LOOP_ANALYSIS = YES;
				CLANG_WARN_STRICT_PROTOTYPES = YES;
				CLANG_WARN_SUSPICIOUS_MOVE = YES;
				CLANG_WARN_UNGUARDED_AVAILABILITY = YES_AGGRESSIVE;
				CLANG_WARN_UNREACHABLE_CODE = YES;
				CLANG_WARN__DUPLICATE_METHOD_MATCH = YES;
				COPY_PHASE_STRIP = NO;
				DEBUG_INFORMATION_FORMAT = dwarf;
				ENABLE_STRICT_OBJC_MSGSEND = YES;
				ENABLE_TESTABILITY = YES;
				ENABLE_USER_SCRIPT_SANDBOXING = YES;
				GCC_C_LANGUAGE_STANDARD = gnu17;
				GCC_DYNAMIC_NO_PIC = NO;
				GCC_NO_COMMON_BLOCKS = YES;
				GCC_OPTIMIZATION_LEVEL = 0;
				GCC_PREPROCESSOR_DEFINITIONS = (
					"DEBUG=1",
					"$(inherited)",
				);
				GCC_WARN_64_TO_32_BIT_CONVERSION = YES;
				GCC_WARN_ABOUT_RETURN_TYPE = YES_ERROR;
				GCC_WARN_UNDECLARED_SELECTOR = YES;
				GCC_WARN_UNINITIALIZED_AUTOS = YES_AGGRESSIVE;
				GCC_WARN_UNUSED_FUNCTION = YES;
				GCC_WARN_UNUSED_VARIABLE = YES;
				IPHONEOS_DEPLOYMENT_TARGET = 18.4;
				LOCALIZATION_PREFERS_STRING_CATALOGS = YES;
				MTL_ENABLE_DEBUG_INFO = INCLUDE_SOURCE;
				MTL_FAST_MATH = YES;
				ONLY_ACTIVE_ARCH = YES;
				SDKROOT = iphoneos;
				SWIFT_ACTIVE_COMPILATION_CONDITIONS = "DEBUG $(inherited)";
				SWIFT_OPTIMIZATION_LEVEL = "-Onone";
			};
			name = Debug;
		};
		1F756F852DE5755A000A94D9 /* Release */ = {
			isa = XCBuildConfiguration;
			buildSettings = {
				ALWAYS_SEARCH_USER_PATHS = NO;
				ASSETCATALOG_COMPILER_GENERATE_SWIFT_ASSET_SYMBOL_EXTENSIONS = YES;
				CLANG_ANALYZER_NONNULL = YES;
				CLANG_ANALYZER_NUMBER_OBJECT_CONVERSION = YES_AGGRESSIVE;
				CLANG_CXX_LANGUAGE_STANDARD = "gnu++20";
				CLANG_ENABLE_MODULES = YES;
				CLANG_ENABLE_OBJC_ARC = YES;
				CLANG_ENABLE_OBJC_WEAK = YES;
				CLANG_WARN_BLOCK_CAPTURE_AUTORELEASING = YES;
				CLANG_WARN_BOOL_CONVERSION = YES;
				CLANG_WARN_COMMA = YES;
				CLANG_WARN_CONSTANT_CONVERSION = YES;
				CLANG_WARN_DEPRECATED_OBJC_IMPLEMENTATIONS = YES;
				CLANG_WARN_DIRECT_OBJC_ISA_USAGE = YES_ERROR;
				CLANG_WARN_DOCUMENTATION_COMMENTS = YES;
				CLANG_WARN_EMPTY_BODY = YES;
				CLANG_WARN_ENUM_CONVERSION = YES;
				CLANG_WARN_INFINITE_RECURSION = YES;
				CLANG_WARN_INT_CONVERSION = YES;
				CLANG_WARN_NON_LITERAL_NULL_CONVERSION = YES;
				CLANG_WARN_OBJC_IMPLICIT_RETAIN_SELF = YES;
				CLANG_WARN_OBJC_LITERAL_CONVERSION = YES;
				CLANG_WARN_OBJC_ROOT_CLASS = YES_ERROR;
				CLANG_WARN_QUOTED_INCLUDE_IN_FRAMEWORK_HEADER = YES;
				CLANG_WARN_RANGE_LOOP_ANALYSIS = YES;
				CLANG_WARN_STRICT_PROTOTYPES = YES;
				CLANG_WARN_SUSPICIOUS_MOVE = YES;
				CLANG_WARN_UNGUARDED_AVAILABILITY = YES_AGGRESSIVE;
				CLANG_WARN_UNREACHABLE_CODE = YES;
				CLANG_WARN__DUPLICATE_METHOD_MATCH = YES;
				COPY_PHASE_STRIP = NO;
				DEBUG_INFORMATION_FORMAT = "dwarf-with-dsym";
				ENABLE_NS_ASSERTIONS = NO;
				ENABLE_STRICT_OBJC_MSGSEND = YES;
				ENABLE_USER_SCRIPT_SANDBOXING = YES;
				GCC_C_LANGUAGE_STANDARD = gnu17;
				GCC_NO_COMMON_BLOCKS = YES;
				GCC_WARN_64_TO_32_BIT_CONVERSION = YES;
				GCC_WARN_ABOUT_RETURN_TYPE = YES_ERROR;
				GCC_WARN_UNDECLARED_SELECTOR = YES;
				GCC_WARN_UNINITIALIZED_AUTOS = YES_AGGRESSIVE;
				GCC_WARN_UNUSED_FUNCTION = YES;
				GCC_WARN_UNUSED_VARIABLE = YES;
				IPHONEOS_DEPLOYMENT_TARGET = 18.4;
				LOCALIZATION_PREFERS_STRING_CATALOGS = YES;
				MTL_ENABLE_DEBUG_INFO = NO;
				MTL_FAST_MATH = YES;
				SDKROOT = iphoneos;
				SWIFT_COMPILATION_MODE = wholemodule;
				VALIDATE_PRODUCT = YES;
			};
			name = Release;
		};
		1F756F872DE5755A000A94D9 /* Debug */ = {
			isa = XCBuildConfiguration;
			buildSettings = {
				BUNDLE_LOADER = "$(TEST_HOST)";
				CODE_SIGN_STYLE = Automatic;
				CURRENT_PROJECT_VERSION = 1;
				GENERATE_INFOPLIST_FILE = YES;
				IPHONEOS_DEPLOYMENT_TARGET = 18.4;
				MARKETING_VERSION = 1.0;
				PRODUCT_BUNDLE_IDENTIFIER = "com.mycompany.Login-NavigationTests";
				PRODUCT_NAME = "$(TARGET_NAME)";
				SWIFT_EMIT_LOC_STRINGS = NO;
				SWIFT_VERSION = 5.0;
				TARGETED_DEVICE_FAMILY = "1,2";
				TEST_HOST = "$(BUILT_PRODUCTS_DIR)/Login_Navigation.app/$(BUNDLE_EXECUTABLE_FOLDER_PATH)/Login_Navigation";
			};
			name = Debug;
		};
		1F756F882DE5755A000A94D9 /* Release */ = {
			isa = XCBuildConfiguration;
			buildSettings = {
				BUNDLE_LOADER = "$(TEST_HOST)";
				CODE_SIGN_STYLE = Automatic;
				CURRENT_PROJECT_VERSION = 1;
				GENERATE_INFOPLIST_FILE = YES;
				IPHONEOS_DEPLOYMENT_TARGET = 18.4;
				MARKETING_VERSION = 1.0;
				PRODUCT_BUNDLE_IDENTIFIER = "com.mycompany.Login-NavigationTests";
				PRODUCT_NAME = "$(TARGET_NAME)";
				SWIFT_EMIT_LOC_STRINGS = NO;
				SWIFT_VERSION = 5.0;
				TARGETED_DEVICE_FAMILY = "1,2";
				TEST_HOST = "$(BUILT_PRODUCTS_DIR)/Login_Navigation.app/$(BUNDLE_EXECUTABLE_FOLDER_PATH)/Login_Navigation";
			};
			name = Release;
		};
		1F756F8A2DE5755A000A94D9 /* Debug */ = {
			isa = XCBuildConfiguration;
			buildSettings = {
				CODE_SIGN_STYLE = Automatic;
				CURRENT_PROJECT_VERSION = 1;
				GENERATE_INFOPLIST_FILE = YES;
				MARKETING_VERSION = 1.0;
				PRODUCT_BUNDLE_IDENTIFIER = "com.mycompany.Login-NavigationUITests";
				PRODUCT_NAME = "$(TARGET_NAME)";
				SWIFT_EMIT_LOC_STRINGS = NO;
				SWIFT_VERSION = 5.0;
				TARGETED_DEVICE_FAMILY = "1,2";
				TEST_TARGET_NAME = Login_Navigation;
			};
			name = Debug;
		};
		1F756F8B2DE5755A000A94D9 /* Release */ = {
			isa = XCBuildConfiguration;
			buildSettings = {
				CODE_SIGN_STYLE = Automatic;
				CURRENT_PROJECT_VERSION = 1;
				GENERATE_INFOPLIST_FILE = YES;
				MARKETING_VERSION = 1.0;
				PRODUCT_BUNDLE_IDENTIFIER = "com.mycompany.Login-NavigationUITests";
				PRODUCT_NAME = "$(TARGET_NAME)";
				SWIFT_EMIT_LOC_STRINGS = NO;
				SWIFT_VERSION = 5.0;
				TARGETED_DEVICE_FAMILY = "1,2";
				TEST_TARGET_NAME = Login_Navigation;
			};
			name = Release;
		};
/* End XCBuildConfiguration section */

/* Begin XCConfigurationList section */
		1F756F532DE57559000A94D9 /* Build configuration list for PBXProject "Login_Navigation" */ = {
			isa = XCConfigurationList;
			buildConfigurations = (
				1F756F842DE5755A000A94D9 /* Debug */,
				1F756F852DE5755A000A94D9 /* Release */,
			);
			defaultConfigurationIsVisible = 0;
			defaultConfigurationName = Release;
		};
		1F756F812DE5755A000A94D9 /* Build configuration list for PBXNativeTarget "Login_Navigation" */ = {
			isa = XCConfigurationList;
			buildConfigurations = (
				1F756F822DE5755A000A94D9 /* Debug */,
				1F756F832DE5755A000A94D9 /* Release */,
			);
			defaultConfigurationIsVisible = 0;
			defaultConfigurationName = Release;
		};
		1F756F862DE5755A000A94D9 /* Build configuration list for PBXNativeTarget "Login_NavigationTests" */ = {
			isa = XCConfigurationList;
			buildConfigurations = (
				1F756F872DE5755A000A94D9 /* Debug */,
				1F756F882DE5755A000A94D9 /* Release */,
			);
			defaultConfigurationIsVisible = 0;
			defaultConfigurationName = Release;
		};
		1F756F892DE5755A000A94D9 /* Build configuration list for PBXNativeTarget "Login_NavigationUITests" */ = {
			isa = XCConfigurationList;
			buildConfigurations = (
				1F756F8A2DE5755A000A94D9 /* Debug */,
				1F756F8B2DE5755A000A94D9 /* Release */,
			);
			defaultConfigurationIsVisible = 0;
			defaultConfigurationName = Release;
		};
/* End XCConfigurationList section */

/* Begin XCRemoteSwiftPackageReference section */
		1F86A7832DE72C7C003396E5 /* XCRemoteSwiftPackageReference "kakao-ios-sdk" */ = {
			isa = XCRemoteSwiftPackageReference;
			repositoryURL = "https://github.com/kakao/kakao-ios-sdk";
			requirement = {
				kind = upToNextMajorVersion;
				minimumVersion = 2.24.2;
			};
		};
		57C96AF52DE6F8C20047B45C /* XCRemoteSwiftPackageReference "naveridlogin-sdk-ios" */ = {
			isa = XCRemoteSwiftPackageReference;
			repositoryURL = "https://github.com/naver/naveridlogin-sdk-ios";
			requirement = {
				branch = master;
				kind = branch;
			};
		};
		57C96AF62DE6F9940047B45C /* XCRemoteSwiftPackageReference "firebase-ios-sdk" */ = {
			isa = XCRemoteSwiftPackageReference;
			repositoryURL = "https://github.com/firebase/firebase-ios-sdk";
			requirement = {
				kind = upToNextMajorVersion;
				minimumVersion = 11.13.0;
			};
		};
/* End XCRemoteSwiftPackageReference section */

/* Begin XCSwiftPackageProductDependency section */
		1F86A7842DE72C7C003396E5 /* KakaoSDK */ = {
			isa = XCSwiftPackageProductDependency;
			package = 1F86A7832DE72C7C003396E5 /* XCRemoteSwiftPackageReference "kakao-ios-sdk" */;
			productName = KakaoSDK;
		};
		1F86A7862DE72C7C003396E5 /* KakaoSDKAuth */ = {
			isa = XCSwiftPackageProductDependency;
			package = 1F86A7832DE72C7C003396E5 /* XCRemoteSwiftPackageReference "kakao-ios-sdk" */;
			productName = KakaoSDKAuth;
		};
		1F86A7882DE72C7C003396E5 /* KakaoSDKCert */ = {
			isa = XCSwiftPackageProductDependency;
			package = 1F86A7832DE72C7C003396E5 /* XCRemoteSwiftPackageReference "kakao-ios-sdk" */;
			productName = KakaoSDKCert;
		};
		1F86A78A2DE72C7C003396E5 /* KakaoSDKCertCore */ = {
			isa = XCSwiftPackageProductDependency;
			package = 1F86A7832DE72C7C003396E5 /* XCRemoteSwiftPackageReference "kakao-ios-sdk" */;
			productName = KakaoSDKCertCore;
		};
		1F86A78C2DE72C7C003396E5 /* KakaoSDKCommon */ = {
			isa = XCSwiftPackageProductDependency;
			package = 1F86A7832DE72C7C003396E5 /* XCRemoteSwiftPackageReference "kakao-ios-sdk" */;
			productName = KakaoSDKCommon;
		};
		1F86A78E2DE72C7C003396E5 /* KakaoSDKFriend */ = {
			isa = XCSwiftPackageProductDependency;
			package = 1F86A7832DE72C7C003396E5 /* XCRemoteSwiftPackageReference "kakao-ios-sdk" */;
			productName = KakaoSDKFriend;
		};
		1F86A7902DE72C7C003396E5 /* KakaoSDKFriendCore */ = {
			isa = XCSwiftPackageProductDependency;
			package = 1F86A7832DE72C7C003396E5 /* XCRemoteSwiftPackageReference "kakao-ios-sdk" */;
			productName = KakaoSDKFriendCore;
		};
		1F86A7922DE72C7C003396E5 /* KakaoSDKNavi */ = {
			isa = XCSwiftPackageProductDependency;
			package = 1F86A7832DE72C7C003396E5 /* XCRemoteSwiftPackageReference "kakao-ios-sdk" */;
			productName = KakaoSDKNavi;
		};
		1F86A7942DE72C7C003396E5 /* KakaoSDKShare */ = {
			isa = XCSwiftPackageProductDependency;
			package = 1F86A7832DE72C7C003396E5 /* XCRemoteSwiftPackageReference "kakao-ios-sdk" */;
			productName = KakaoSDKShare;
		};
		1F86A7962DE72C7C003396E5 /* KakaoSDKTalk */ = {
			isa = XCSwiftPackageProductDependency;
			package = 1F86A7832DE72C7C003396E5 /* XCRemoteSwiftPackageReference "kakao-ios-sdk" */;
			productName = KakaoSDKTalk;
		};
		1F86A7982DE72C7C003396E5 /* KakaoSDKTemplate */ = {
			isa = XCSwiftPackageProductDependency;
			package = 1F86A7832DE72C7C003396E5 /* XCRemoteSwiftPackageReference "kakao-ios-sdk" */;
			productName = KakaoSDKTemplate;
		};
		1F86A79A2DE72C7C003396E5 /* KakaoSDKUser */ = {
			isa = XCSwiftPackageProductDependency;
			package = 1F86A7832DE72C7C003396E5 /* XCRemoteSwiftPackageReference "kakao-ios-sdk" */;
			productName = KakaoSDKUser;
		};
		1F86A79C2DE72D19003396E5 /* FirebaseAppDistribution-Beta */ = {
			isa = XCSwiftPackageProductDependency;
			package = 57C96AF62DE6F9940047B45C /* XCRemoteSwiftPackageReference "firebase-ios-sdk" */;
			productName = "FirebaseAppDistribution-Beta";
		};
		1F86A79E2DE72D19003396E5 /* FirebaseAuth */ = {
			isa = XCSwiftPackageProductDependency;
			package = 57C96AF62DE6F9940047B45C /* XCRemoteSwiftPackageReference "firebase-ios-sdk" */;
			productName = FirebaseAuth;
		};
		1F86A7A02DE72D19003396E5 /* FirebaseAuthCombine-Community */ = {
			isa = XCSwiftPackageProductDependency;
			package = 57C96AF62DE6F9940047B45C /* XCRemoteSwiftPackageReference "firebase-ios-sdk" */;
			productName = "FirebaseAuthCombine-Community";
		};
		1F86A7A22DE72D19003396E5 /* FirebaseCore */ = {
			isa = XCSwiftPackageProductDependency;
			package = 57C96AF62DE6F9940047B45C /* XCRemoteSwiftPackageReference "firebase-ios-sdk" */;
			productName = FirebaseCore;
		};
		1F86A7A42DE72D19003396E5 /* FirebaseCrashlytics */ = {
			isa = XCSwiftPackageProductDependency;
			package = 57C96AF62DE6F9940047B45C /* XCRemoteSwiftPackageReference "firebase-ios-sdk" */;
			productName = FirebaseCrashlytics;
		};
		1F86A7A62DE72D19003396E5 /* FirebaseDatabase */ = {
			isa = XCSwiftPackageProductDependency;
			package = 57C96AF62DE6F9940047B45C /* XCRemoteSwiftPackageReference "firebase-ios-sdk" */;
			productName = FirebaseDatabase;
		};
		1F86A7A82DE72D19003396E5 /* FirebaseDynamicLinks */ = {
			isa = XCSwiftPackageProductDependency;
			package = 57C96AF62DE6F9940047B45C /* XCRemoteSwiftPackageReference "firebase-ios-sdk" */;
			productName = FirebaseDynamicLinks;
		};
		1F86A7AA2DE72D19003396E5 /* FirebaseFirestore */ = {
			isa = XCSwiftPackageProductDependency;
			package = 57C96AF62DE6F9940047B45C /* XCRemoteSwiftPackageReference "firebase-ios-sdk" */;
			productName = FirebaseFirestore;
		};
		1F86A7AC2DE72D19003396E5 /* FirebaseFirestoreCombine-Community */ = {
			isa = XCSwiftPackageProductDependency;
			package = 57C96AF62DE6F9940047B45C /* XCRemoteSwiftPackageReference "firebase-ios-sdk" */;
			productName = "FirebaseFirestoreCombine-Community";
		};
		1F86A7AE2DE72D19003396E5 /* FirebaseFunctions */ = {
			isa = XCSwiftPackageProductDependency;
			package = 57C96AF62DE6F9940047B45C /* XCRemoteSwiftPackageReference "firebase-ios-sdk" */;
			productName = FirebaseFunctions;
		};
		1F86A7B02DE72D19003396E5 /* FirebaseFunctionsCombine-Community */ = {
			isa = XCSwiftPackageProductDependency;
			package = 57C96AF62DE6F9940047B45C /* XCRemoteSwiftPackageReference "firebase-ios-sdk" */;
			productName = "FirebaseFunctionsCombine-Community";
		};
		1F86A7B22DE72D19003396E5 /* FirebaseInAppMessaging-Beta */ = {
			isa = XCSwiftPackageProductDependency;
			package = 57C96AF62DE6F9940047B45C /* XCRemoteSwiftPackageReference "firebase-ios-sdk" */;
			productName = "FirebaseInAppMessaging-Beta";
		};
		1F86A7B42DE72D19003396E5 /* FirebaseInstallations */ = {
			isa = XCSwiftPackageProductDependency;
			package = 57C96AF62DE6F9940047B45C /* XCRemoteSwiftPackageReference "firebase-ios-sdk" */;
			productName = FirebaseInstallations;
		};
		1F86A7B62DE72D19003396E5 /* FirebaseMLModelDownloader */ = {
			isa = XCSwiftPackageProductDependency;
			package = 57C96AF62DE6F9940047B45C /* XCRemoteSwiftPackageReference "firebase-ios-sdk" */;
			productName = FirebaseMLModelDownloader;
		};
		1F86A7B82DE72D19003396E5 /* FirebaseMessaging */ = {
			isa = XCSwiftPackageProductDependency;
			package = 57C96AF62DE6F9940047B45C /* XCRemoteSwiftPackageReference "firebase-ios-sdk" */;
			productName = FirebaseMessaging;
		};
		1F86A7BA2DE72D19003396E5 /* FirebasePerformance */ = {
			isa = XCSwiftPackageProductDependency;
			package = 57C96AF62DE6F9940047B45C /* XCRemoteSwiftPackageReference "firebase-ios-sdk" */;
			productName = FirebasePerformance;
		};
		1F86A7BC2DE72D19003396E5 /* FirebaseRemoteConfig */ = {
			isa = XCSwiftPackageProductDependency;
			package = 57C96AF62DE6F9940047B45C /* XCRemoteSwiftPackageReference "firebase-ios-sdk" */;
			productName = FirebaseRemoteConfig;
		};
		1F86A7BE2DE72D19003396E5 /* FirebaseStorage */ = {
			isa = XCSwiftPackageProductDependency;
			package = 57C96AF62DE6F9940047B45C /* XCRemoteSwiftPackageReference "firebase-ios-sdk" */;
			productName = FirebaseStorage;
		};
		1F86A7C02DE72D19003396E5 /* FirebaseStorageCombine-Community */ = {
			isa = XCSwiftPackageProductDependency;
			package = 57C96AF62DE6F9940047B45C /* XCRemoteSwiftPackageReference "firebase-ios-sdk" */;
			productName = "FirebaseStorageCombine-Community";
		};
		1F86A7C22DE72D19003396E5 /* FirebaseVertexAI */ = {
			isa = XCSwiftPackageProductDependency;
			package = 57C96AF62DE6F9940047B45C /* XCRemoteSwiftPackageReference "firebase-ios-sdk" */;
			productName = FirebaseVertexAI;
		};
		57C96AF72DE6F9940047B45C /* FirebaseAI */ = {
			isa = XCSwiftPackageProductDependency;
			package = 57C96AF62DE6F9940047B45C /* XCRemoteSwiftPackageReference "firebase-ios-sdk" */;
			productName = FirebaseAI;
		};
		57C96AF92DE6F9940047B45C /* FirebaseAnalytics */ = {
			isa = XCSwiftPackageProductDependency;
			package = 57C96AF62DE6F9940047B45C /* XCRemoteSwiftPackageReference "firebase-ios-sdk" */;
			productName = FirebaseAnalytics;
		};
		57C96AFB2DE6F9940047B45C /* FirebaseAnalyticsOnDeviceConversion */ = {
			isa = XCSwiftPackageProductDependency;
			package = 57C96AF62DE6F9940047B45C /* XCRemoteSwiftPackageReference "firebase-ios-sdk" */;
			productName = FirebaseAnalyticsOnDeviceConversion;
		};
		57C96AFD2DE6F9940047B45C /* FirebaseAnalyticsWithoutAdIdSupport */ = {
			isa = XCSwiftPackageProductDependency;
			package = 57C96AF62DE6F9940047B45C /* XCRemoteSwiftPackageReference "firebase-ios-sdk" */;
			productName = FirebaseAnalyticsWithoutAdIdSupport;
		};
		57C96AFF2DE6F9940047B45C /* FirebaseAppCheck */ = {
			isa = XCSwiftPackageProductDependency;
			package = 57C96AF62DE6F9940047B45C /* XCRemoteSwiftPackageReference "firebase-ios-sdk" */;
			productName = FirebaseAppCheck;
		};
		57C96B012DE6F9B10047B45C /* NaverThirdPartyLogin */ = {
			isa = XCSwiftPackageProductDependency;
			package = 57C96AF52DE6F8C20047B45C /* XCRemoteSwiftPackageReference "naveridlogin-sdk-ios" */;
			productName = NaverThirdPartyLogin;
		};
/* End XCSwiftPackageProductDependency section */
	};
	rootObject = 1F756F502DE57559000A94D9 /* Project object */;
}
